// !$*UTF8*$!
{
	archiveVersion = 1;
	classes = {
	};
	objectVersion = 55;
	objects = {

/* Begin PBXBuildFile section */
		7B117093291CAE5A00725558 /* LocationBasedNotificationViewController+Noti.swift in Sources */ = {isa = PBXBuildFile; fileRef = 7B117092291CAE5A00725558 /* LocationBasedNotificationViewController+Noti.swift */; };
		7B117095291CAE8500725558 /* LocationBasedNotificationViewController+Map.swift in Sources */ = {isa = PBXBuildFile; fileRef = 7B117094291CAE8500725558 /* LocationBasedNotificationViewController+Map.swift */; };
		7B11709B291CE8BB00725558 /* LocationBasedNotificationViewController+Views.swift in Sources */ = {isa = PBXBuildFile; fileRef = 7B11709A291CE8BB00725558 /* LocationBasedNotificationViewController+Views.swift */; };
		7B11709D291CECB200725558 /* ViewController.swift in Sources */ = {isa = PBXBuildFile; fileRef = 7B11709C291CECB200725558 /* ViewController.swift */; };
		7B11709F291CED4D00725558 /* TimeBasedNotificationViewController.swift in Sources */ = {isa = PBXBuildFile; fileRef = 7B11709E291CED4D00725558 /* TimeBasedNotificationViewController.swift */; };
		7B1170A3291CF24F00725558 /* TimeBasedNotificationViewController+Views.swift in Sources */ = {isa = PBXBuildFile; fileRef = 7B1170A2291CF24F00725558 /* TimeBasedNotificationViewController+Views.swift */; };
		7BDAB9BF291B81A300EF6CCD /* AppDelegate.swift in Sources */ = {isa = PBXBuildFile; fileRef = 7BDAB9BE291B81A300EF6CCD /* AppDelegate.swift */; };
		7BDAB9C1291B81A300EF6CCD /* SceneDelegate.swift in Sources */ = {isa = PBXBuildFile; fileRef = 7BDAB9C0291B81A300EF6CCD /* SceneDelegate.swift */; };
		7BDAB9C3291B81A300EF6CCD /* LocationBasedNotificationViewController.swift in Sources */ = {isa = PBXBuildFile; fileRef = 7BDAB9C2291B81A300EF6CCD /* LocationBasedNotificationViewController.swift */; };
		7BDAB9C6291B81A300EF6CCD /* Main.storyboard in Resources */ = {isa = PBXBuildFile; fileRef = 7BDAB9C4291B81A300EF6CCD /* Main.storyboard */; };
		7BDAB9C8291B81A500EF6CCD /* Assets.xcassets in Resources */ = {isa = PBXBuildFile; fileRef = 7BDAB9C7291B81A500EF6CCD /* Assets.xcassets */; };
		7BDAB9CB291B81A500EF6CCD /* LaunchScreen.storyboard in Resources */ = {isa = PBXBuildFile; fileRef = 7BDAB9C9291B81A500EF6CCD /* LaunchScreen.storyboard */; };
		7BDAB9D3291BB18700EF6CCD /* Settings.bundle in Resources */ = {isa = PBXBuildFile; fileRef = 7BDAB9D2291BB18700EF6CCD /* Settings.bundle */; };
/* End PBXBuildFile section */

/* Begin PBXFileReference section */
		7B117092291CAE5A00725558 /* LocationBasedNotificationViewController+Noti.swift */ = {isa = PBXFileReference; lastKnownFileType = sourcecode.swift; path = "LocationBasedNotificationViewController+Noti.swift"; sourceTree = "<group>"; };
		7B117094291CAE8500725558 /* LocationBasedNotificationViewController+Map.swift */ = {isa = PBXFileReference; fileEncoding = 4; lastKnownFileType = sourcecode.swift; path = "LocationBasedNotificationViewController+Map.swift"; sourceTree = "<group>"; };
		7B117099291CDDE800725558 /* LocationLoop.gpx */ = {isa = PBXFileReference; lastKnownFileType = text.xml; path = LocationLoop.gpx; sourceTree = "<group>"; };
		7B11709A291CE8BB00725558 /* LocationBasedNotificationViewController+Views.swift */ = {isa = PBXFileReference; lastKnownFileType = sourcecode.swift; path = "LocationBasedNotificationViewController+Views.swift"; sourceTree = "<group>"; };
		7B11709C291CECB200725558 /* ViewController.swift */ = {isa = PBXFileReference; lastKnownFileType = sourcecode.swift; path = ViewController.swift; sourceTree = "<group>"; };
		7B11709E291CED4D00725558 /* TimeBasedNotificationViewController.swift */ = {isa = PBXFileReference; lastKnownFileType = sourcecode.swift; path = TimeBasedNotificationViewController.swift; sourceTree = "<group>"; };
		7B1170A2291CF24F00725558 /* TimeBasedNotificationViewController+Views.swift */ = {isa = PBXFileReference; lastKnownFileType = sourcecode.swift; path = "TimeBasedNotificationViewController+Views.swift"; sourceTree = "<group>"; };
		7BDAB9BB291B81A300EF6CCD /* NotificationsProject.app */ = {isa = PBXFileReference; explicitFileType = wrapper.application; includeInIndex = 0; path = NotificationsProject.app; sourceTree = BUILT_PRODUCTS_DIR; };
		7BDAB9BE291B81A300EF6CCD /* AppDelegate.swift */ = {isa = PBXFileReference; lastKnownFileType = sourcecode.swift; path = AppDelegate.swift; sourceTree = "<group>"; };
		7BDAB9C0291B81A300EF6CCD /* SceneDelegate.swift */ = {isa = PBXFileReference; lastKnownFileType = sourcecode.swift; path = SceneDelegate.swift; sourceTree = "<group>"; };
		7BDAB9C2291B81A300EF6CCD /* LocationBasedNotificationViewController.swift */ = {isa = PBXFileReference; lastKnownFileType = sourcecode.swift; path = LocationBasedNotificationViewController.swift; sourceTree = "<group>"; };
		7BDAB9C5291B81A300EF6CCD /* Base */ = {isa = PBXFileReference; lastKnownFileType = file.storyboard; name = Base; path = Base.lproj/Main.storyboard; sourceTree = "<group>"; };
		7BDAB9C7291B81A500EF6CCD /* Assets.xcassets */ = {isa = PBXFileReference; lastKnownFileType = folder.assetcatalog; path = Assets.xcassets; sourceTree = "<group>"; };
		7BDAB9CA291B81A500EF6CCD /* Base */ = {isa = PBXFileReference; lastKnownFileType = file.storyboard; name = Base; path = Base.lproj/LaunchScreen.storyboard; sourceTree = "<group>"; };
		7BDAB9CC291B81A500EF6CCD /* Info.plist */ = {isa = PBXFileReference; lastKnownFileType = text.plist.xml; path = Info.plist; sourceTree = "<group>"; };
		7BDAB9D2291BB18700EF6CCD /* Settings.bundle */ = {isa = PBXFileReference; lastKnownFileType = "wrapper.plug-in"; path = Settings.bundle; sourceTree = "<group>"; };
/* End PBXFileReference section */

/* Begin PBXFrameworksBuildPhase section */
		7BDAB9B8291B81A300EF6CCD /* Frameworks */ = {
			isa = PBXFrameworksBuildPhase;
			buildActionMask = 2147483647;
			files = (
			);
			runOnlyForDeploymentPostprocessing = 0;
		};
/* End PBXFrameworksBuildPhase section */

/* Begin PBXGroup section */
		7B1170A0291CEF8900725558 /* Location */ = {
			isa = PBXGroup;
			children = (
				7BDAB9C2291B81A300EF6CCD /* LocationBasedNotificationViewController.swift */,
				7B11709A291CE8BB00725558 /* LocationBasedNotificationViewController+Views.swift */,
				7B117094291CAE8500725558 /* LocationBasedNotificationViewController+Map.swift */,
				7B117092291CAE5A00725558 /* LocationBasedNotificationViewController+Noti.swift */,
			);
			path = Location;
			sourceTree = "<group>";
		};
		7B1170A1291CEF9200725558 /* Time */ = {
			isa = PBXGroup;
			children = (
				7B11709E291CED4D00725558 /* TimeBasedNotificationViewController.swift */,
				7B1170A2291CF24F00725558 /* TimeBasedNotificationViewController+Views.swift */,
			);
			path = Time;
			sourceTree = "<group>";
		};
		7BDAB9B2291B81A300EF6CCD = {
			isa = PBXGroup;
			children = (
				7BDAB9BD291B81A300EF6CCD /* NotificationsProject */,
				7BDAB9BC291B81A300EF6CCD /* Products */,
			);
			sourceTree = "<group>";
		};
		7BDAB9BC291B81A300EF6CCD /* Products */ = {
			isa = PBXGroup;
			children = (
				7BDAB9BB291B81A300EF6CCD /* NotificationsProject.app */,
			);
			name = Products;
			sourceTree = "<group>";
		};
		7BDAB9BD291B81A300EF6CCD /* NotificationsProject */ = {
			isa = PBXGroup;
			children = (
				7BDAB9BE291B81A300EF6CCD /* AppDelegate.swift */,
				7BDAB9C0291B81A300EF6CCD /* SceneDelegate.swift */,
				7B11709C291CECB200725558 /* ViewController.swift */,
				7B1170A0291CEF8900725558 /* Location */,
				7B1170A1291CEF9200725558 /* Time */,
				7B117099291CDDE800725558 /* LocationLoop.gpx */,
				7BDAB9D2291BB18700EF6CCD /* Settings.bundle */,
				7BDAB9C4291B81A300EF6CCD /* Main.storyboard */,
				7BDAB9C7291B81A500EF6CCD /* Assets.xcassets */,
				7BDAB9C9291B81A500EF6CCD /* LaunchScreen.storyboard */,
				7BDAB9CC291B81A500EF6CCD /* Info.plist */,
			);
			path = NotificationsProject;
			sourceTree = "<group>";
		};
/* End PBXGroup section */

/* Begin PBXNativeTarget section */
		7BDAB9BA291B81A300EF6CCD /* NotificationsProject */ = {
			isa = PBXNativeTarget;
			buildConfigurationList = 7BDAB9CF291B81A500EF6CCD /* Build configuration list for PBXNativeTarget "NotificationsProject" */;
			buildPhases = (
				7BDAB9B7291B81A300EF6CCD /* Sources */,
				7BDAB9B8291B81A300EF6CCD /* Frameworks */,
				7BDAB9B9291B81A300EF6CCD /* Resources */,
			);
			buildRules = (
			);
			dependencies = (
			);
			name = NotificationsProject;
			productName = NotificationsProject;
			productReference = 7BDAB9BB291B81A300EF6CCD /* NotificationsProject.app */;
			productType = "com.apple.product-type.application";
		};
/* End PBXNativeTarget section */

/* Begin PBXProject section */
		7BDAB9B3291B81A300EF6CCD /* Project object */ = {
			isa = PBXProject;
			attributes = {
				BuildIndependentTargetsInParallel = 1;
				LastSwiftUpdateCheck = 1340;
				LastUpgradeCheck = 1340;
				TargetAttributes = {
					7BDAB9BA291B81A300EF6CCD = {
						CreatedOnToolsVersion = 13.4.1;
					};
				};
			};
			buildConfigurationList = 7BDAB9B6291B81A300EF6CCD /* Build configuration list for PBXProject "NotificationsProject" */;
			compatibilityVersion = "Xcode 13.0";
			developmentRegion = en;
			hasScannedForEncodings = 0;
			knownRegions = (
				en,
				Base,
			);
			mainGroup = 7BDAB9B2291B81A300EF6CCD;
			productRefGroup = 7BDAB9BC291B81A300EF6CCD /* Products */;
			projectDirPath = "";
			projectRoot = "";
			targets = (
				7BDAB9BA291B81A300EF6CCD /* NotificationsProject */,
			);
		};
/* End PBXProject section */

/* Begin PBXResourcesBuildPhase section */
		7BDAB9B9291B81A300EF6CCD /* Resources */ = {
			isa = PBXResourcesBuildPhase;
			buildActionMask = 2147483647;
			files = (
				7BDAB9D3291BB18700EF6CCD /* Settings.bundle in Resources */,
				7BDAB9CB291B81A500EF6CCD /* LaunchScreen.storyboard in Resources */,
				7BDAB9C8291B81A500EF6CCD /* Assets.xcassets in Resources */,
				7BDAB9C6291B81A300EF6CCD /* Main.storyboard in Resources */,
			);
			runOnlyForDeploymentPostprocessing = 0;
		};
/* End PBXResourcesBuildPhase section */

/* Begin PBXSourcesBuildPhase section */
		7BDAB9B7291B81A300EF6CCD /* Sources */ = {
			isa = PBXSourcesBuildPhase;
			buildActionMask = 2147483647;
			files = (
				7B11709F291CED4D00725558 /* TimeBasedNotificationViewController.swift in Sources */,
				7B117095291CAE8500725558 /* LocationBasedNotificationViewController+Map.swift in Sources */,
				7BDAB9C3291B81A300EF6CCD /* LocationBasedNotificationViewController.swift in Sources */,
				7BDAB9BF291B81A300EF6CCD /* AppDelegate.swift in Sources */,
				7BDAB9C1291B81A300EF6CCD /* SceneDelegate.swift in Sources */,
				7B11709D291CECB200725558 /* ViewController.swift in Sources */,
				7B117093291CAE5A00725558 /* LocationBasedNotificationViewController+Noti.swift in Sources */,
				7B1170A3291CF24F00725558 /* TimeBasedNotificationViewController+Views.swift in Sources */,
				7B11709B291CE8BB00725558 /* LocationBasedNotificationViewController+Views.swift in Sources */,
			);
			runOnlyForDeploymentPostprocessing = 0;
		};
/* End PBXSourcesBuildPhase section */

/* Begin PBXVariantGroup section */
		7BDAB9C4291B81A300EF6CCD /* Main.storyboard */ = {
			isa = PBXVariantGroup;
			children = (
				7BDAB9C5291B81A300EF6CCD /* Base */,
			);
			name = Main.storyboard;
			sourceTree = "<group>";
		};
		7BDAB9C9291B81A500EF6CCD /* LaunchScreen.storyboard */ = {
			isa = PBXVariantGroup;
			children = (
				7BDAB9CA291B81A500EF6CCD /* Base */,
			);
			name = LaunchScreen.storyboard;
			sourceTree = "<group>";
		};
/* End PBXVariantGroup section */

/* Begin XCBuildConfiguration section */
		7BDAB9CD291B81A500EF6CCD /* Debug */ = {
			isa = XCBuildConfiguration;
			buildSettings = {
				ALWAYS_SEARCH_USER_PATHS = NO;
				CLANG_ANALYZER_NONNULL = YES;
				CLANG_ANALYZER_NUMBER_OBJECT_CONVERSION = YES_AGGRESSIVE;
				CLANG_CXX_LANGUAGE_STANDARD = "gnu++17";
				CLANG_ENABLE_MODULES = YES;
				CLANG_ENABLE_OBJC_ARC = YES;
				CLANG_ENABLE_OBJC_WEAK = YES;
				CLANG_WARN_BLOCK_CAPTURE_AUTORELEASING = YES;
				CLANG_WARN_BOOL_CONVERSION = YES;
				CLANG_WARN_COMMA = YES;
				CLANG_WARN_CONSTANT_CONVERSION = YES;
				CLANG_WARN_DEPRECATED_OBJC_IMPLEMENTATIONS = YES;
				CLANG_WARN_DIRECT_OBJC_ISA_USAGE = YES_ERROR;
				CLANG_WARN_DOCUMENTATION_COMMENTS = YES;
				CLANG_WARN_EMPTY_BODY = YES;
				CLANG_WARN_ENUM_CONVERSION = YES;
				CLANG_WARN_INFINITE_RECURSION = YES;
				CLANG_WARN_INT_CONVERSION = YES;
				CLANG_WARN_NON_LITERAL_NULL_CONVERSION = YES;
				CLANG_WARN_OBJC_IMPLICIT_RETAIN_SELF = YES;
				CLANG_WARN_OBJC_LITERAL_CONVERSION = YES;
				CLANG_WARN_OBJC_ROOT_CLASS = YES_ERROR;
				CLANG_WARN_QUOTED_INCLUDE_IN_FRAMEWORK_HEADER = YES;
				CLANG_WARN_RANGE_LOOP_ANALYSIS = YES;
				CLANG_WARN_STRICT_PROTOTYPES = YES;
				CLANG_WARN_SUSPICIOUS_MOVE = YES;
				CLANG_WARN_UNGUARDED_AVAILABILITY = YES_AGGRESSIVE;
				CLANG_WARN_UNREACHABLE_CODE = YES;
				CLANG_WARN__DUPLICATE_METHOD_MATCH = YES;
				COPY_PHASE_STRIP = NO;
				DEBUG_INFORMATION_FORMAT = dwarf;
				ENABLE_STRICT_OBJC_MSGSEND = YES;
				ENABLE_TESTABILITY = YES;
				GCC_C_LANGUAGE_STANDARD = gnu11;
				GCC_DYNAMIC_NO_PIC = NO;
				GCC_NO_COMMON_BLOCKS = YES;
				GCC_OPTIMIZATION_LEVEL = 0;
				GCC_PREPROCESSOR_DEFINITIONS = (
					"DEBUG=1",
					"$(inherited)",
				);
				GCC_WARN_64_TO_32_BIT_CONVERSION = YES;
				GCC_WARN_ABOUT_RETURN_TYPE = YES_ERROR;
				GCC_WARN_UNDECLARED_SELECTOR = YES;
				GCC_WARN_UNINITIALIZED_AUTOS = YES_AGGRESSIVE;
				GCC_WARN_UNUSED_FUNCTION = YES;
				GCC_WARN_UNUSED_VARIABLE = YES;
				IPHONEOS_DEPLOYMENT_TARGET = 15.5;
				MTL_ENABLE_DEBUG_INFO = INCLUDE_SOURCE;
				MTL_FAST_MATH = YES;
				ONLY_ACTIVE_ARCH = YES;
				SDKROOT = iphoneos;
				SWIFT_ACTIVE_COMPILATION_CONDITIONS = DEBUG;
				SWIFT_OPTIMIZATION_LEVEL = "-Onone";
			};
			name = Debug;
		};
		7BDAB9CE291B81A500EF6CCD /* Release */ = {
			isa = XCBuildConfiguration;
			buildSettings = {
				ALWAYS_SEARCH_USER_PATHS = NO;
				CLANG_ANALYZER_NONNULL = YES;
				CLANG_ANALYZER_NUMBER_OBJECT_CONVERSION = YES_AGGRESSIVE;
				CLANG_CXX_LANGUAGE_STANDARD = "gnu++17";
				CLANG_ENABLE_MODULES = YES;
				CLANG_ENABLE_OBJC_ARC = YES;
				CLANG_ENABLE_OBJC_WEAK = YES;
				CLANG_WARN_BLOCK_CAPTURE_AUTORELEASING = YES;
				CLANG_WARN_BOOL_CONVERSION = YES;
				CLANG_WARN_COMMA = YES;
				CLANG_WARN_CONSTANT_CONVERSION = YES;
				CLANG_WARN_DEPRECATED_OBJC_IMPLEMENTATIONS = YES;
				CLANG_WARN_DIRECT_OBJC_ISA_USAGE = YES_ERROR;
				CLANG_WARN_DOCUMENTATION_COMMENTS = YES;
				CLANG_WARN_EMPTY_BODY = YES;
				CLANG_WARN_ENUM_CONVERSION = YES;
				CLANG_WARN_INFINITE_RECURSION = YES;
				CLANG_WARN_INT_CONVERSION = YES;
				CLANG_WARN_NON_LITERAL_NULL_CONVERSION = YES;
				CLANG_WARN_OBJC_IMPLICIT_RETAIN_SELF = YES;
				CLANG_WARN_OBJC_LITERAL_CONVERSION = YES;
				CLANG_WARN_OBJC_ROOT_CLASS = YES_ERROR;
				CLANG_WARN_QUOTED_INCLUDE_IN_FRAMEWORK_HEADER = YES;
				CLANG_WARN_RANGE_LOOP_ANALYSIS = YES;
				CLANG_WARN_STRICT_PROTOTYPES = YES;
				CLANG_WARN_SUSPICIOUS_MOVE = YES;
				CLANG_WARN_UNGUARDED_AVAILABILITY = YES_AGGRESSIVE;
				CLANG_WARN_UNREACHABLE_CODE = YES;
				CLANG_WARN__DUPLICATE_METHOD_MATCH = YES;
				COPY_PHASE_STRIP = NO;
				DEBUG_INFORMATION_FORMAT = "dwarf-with-dsym";
				ENABLE_NS_ASSERTIONS = NO;
				ENABLE_STRICT_OBJC_MSGSEND = YES;
				GCC_C_LANGUAGE_STANDARD = gnu11;
				GCC_NO_COMMON_BLOCKS = YES;
				GCC_WARN_64_TO_32_BIT_CONVERSION = YES;
				GCC_WARN_ABOUT_RETURN_TYPE = YES_ERROR;
				GCC_WARN_UNDECLARED_SELECTOR = YES;
				GCC_WARN_UNINITIALIZED_AUTOS = YES_AGGRESSIVE;
				GCC_WARN_UNUSED_FUNCTION = YES;
				GCC_WARN_UNUSED_VARIABLE = YES;
				IPHONEOS_DEPLOYMENT_TARGET = 15.5;
				MTL_ENABLE_DEBUG_INFO = NO;
				MTL_FAST_MATH = YES;
				SDKROOT = iphoneos;
				SWIFT_COMPILATION_MODE = wholemodule;
				SWIFT_OPTIMIZATION_LEVEL = "-O";
				VALIDATE_PRODUCT = YES;
			};
			name = Release;
		};
		7BDAB9D0291B81A500EF6CCD /* Debug */ = {
			isa = XCBuildConfiguration;
			buildSettings = {
				ASSETCATALOG_COMPILER_APPICON_NAME = AppIcon;
				ASSETCATALOG_COMPILER_GLOBAL_ACCENT_COLOR_NAME = AccentColor;
				CODE_SIGN_STYLE = Automatic;
				CURRENT_PROJECT_VERSION = 1;
				DEVELOPMENT_TEAM = RZ44QB8QA5;
				GENERATE_INFOPLIST_FILE = YES;
				INFOPLIST_FILE = NotificationsProject/Info.plist;
				INFOPLIST_KEY_NSLocationWhenInUseUsageDescription = "현재 사용자 위치를 파악하고 알림을 보내기 위해 위치 권한이 필요합니다.";
				INFOPLIST_KEY_UIApplicationSupportsIndirectInputEvents = YES;
				INFOPLIST_KEY_UILaunchStoryboardName = LaunchScreen;
				INFOPLIST_KEY_UIMainStoryboardFile = Main;
				INFOPLIST_KEY_UISupportedInterfaceOrientations_iPad = "UIInterfaceOrientationPortrait UIInterfaceOrientationPortraitUpsideDown UIInterfaceOrientationLandscapeLeft UIInterfaceOrientationLandscapeRight";
				INFOPLIST_KEY_UISupportedInterfaceOrientations_iPhone = "UIInterfaceOrientationPortrait UIInterfaceOrientationLandscapeLeft UIInterfaceOrientationLandscapeRight";
				IPHONEOS_DEPLOYMENT_TARGET = 14.0;
				LD_RUNPATH_SEARCH_PATHS = (
					"$(inherited)",
					"@executable_path/Frameworks",
				);
				MARKETING_VERSION = 1.0;
				PRODUCT_BUNDLE_IDENTIFIER = com.insanebear.NotificationsProject;
				PRODUCT_NAME = "$(TARGET_NAME)";
				SWIFT_EMIT_LOC_STRINGS = YES;
				SWIFT_VERSION = 5.0;
				TARGETED_DEVICE_FAMILY = "1,2";
			};
			name = Debug;
		};
		7BDAB9D1291B81A500EF6CCD /* Release */ = {
			isa = XCBuildConfiguration;
			buildSettings = {
				ASSETCATALOG_COMPILER_APPICON_NAME = AppIcon;
				ASSETCATALOG_COMPILER_GLOBAL_ACCENT_COLOR_NAME = AccentColor;
				CODE_SIGN_STYLE = Automatic;
				CURRENT_PROJECT_VERSION = 1;
				DEVELOPMENT_TEAM = RZ44QB8QA5;
				GENERATE_INFOPLIST_FILE = YES;
				INFOPLIST_FILE = NotificationsProject/Info.plist;
				INFOPLIST_KEY_NSLocationWhenInUseUsageDescription = "현재 사용자 위치를 파악하고 알림을 보내기 위해 위치 권한이 필요합니다.";
				INFOPLIST_KEY_UIApplicationSupportsIndirectInputEvents = YES;
				INFOPLIST_KEY_UILaunchStoryboardName = LaunchScreen;
				INFOPLIST_KEY_UIMainStoryboardFile = Main;
				INFOPLIST_KEY_UISupportedInterfaceOrientations_iPad = "UIInterfaceOrientationPortrait UIInterfaceOrientationPortraitUpsideDown UIInterfaceOrientationLandscapeLeft UIInterfaceOrientationLandscapeRight";
				INFOPLIST_KEY_UISupportedInterfaceOrientations_iPhone = "UIInterfaceOrientationPortrait UIInterfaceOrientationLandscapeLeft UIInterfaceOrientationLandscapeRight";
				IPHONEOS_DEPLOYMENT_TARGET = 14.0;
				LD_RUNPATH_SEARCH_PATHS = (
					"$(inherited)",
					"@executable_path/Frameworks",
				);
				MARKETING_VERSION = 1.0;
				PRODUCT_BUNDLE_IDENTIFIER = com.insanebear.NotificationsProject;
				PRODUCT_NAME = "$(TARGET_NAME)";
				SWIFT_EMIT_LOC_STRINGS = YES;
				SWIFT_VERSION = 5.0;
				TARGETED_DEVICE_FAMILY = "1,2";
			};
			name = Release;
		};
/* End XCBuildConfiguration section */

/* Begin XCConfigurationList section */
		7BDAB9B6291B81A300EF6CCD /* Build configuration list for PBXProject "NotificationsProject" */ = {
			isa = XCConfigurationList;
			buildConfigurations = (
				7BDAB9CD291B81A500EF6CCD /* Debug */,
				7BDAB9CE291B81A500EF6CCD /* Release */,
			);
			defaultConfigurationIsVisible = 0;
			defaultConfigurationName = Release;
		};
		7BDAB9CF291B81A500EF6CCD /* Build configuration list for PBXNativeTarget "NotificationsProject" */ = {
			isa = XCConfigurationList;
			buildConfigurations = (
				7BDAB9D0291B81A500EF6CCD /* Debug */,
				7BDAB9D1291B81A500EF6CCD /* Release */,
			);
			defaultConfigurationIsVisible = 0;
			defaultConfigurationName = Release;
		};
/* End XCConfigurationList section */
	};
	rootObject = 7BDAB9B3291B81A300EF6CCD /* Project object */;
}
