// !$*UTF8*$!
{
	archiveVersion = 1;
	classes = {
	};
	objectVersion = 55;
	objects = {

/* Begin PBXBuildFile section */
		7B2AF1C7285969A200475887 /* SwipeableCardViewController.swift in Sources */ = {isa = PBXBuildFile; fileRef = 7B2AF1C6285969A200475887 /* SwipeableCardViewController.swift */; };
		7B5D61D4284EC03900B41D8B /* AppDelegate.swift in Sources */ = {isa = PBXBuildFile; fileRef = 7B5D61D3284EC03900B41D8B /* AppDelegate.swift */; };
		7B5D61D6284EC03900B41D8B /* SceneDelegate.swift in Sources */ = {isa = PBXBuildFile; fileRef = 7B5D61D5284EC03900B41D8B /* SceneDelegate.swift */; };
		7B5D61D8284EC03900B41D8B /* ViewController.swift in Sources */ = {isa = PBXBuildFile; fileRef = 7B5D61D7284EC03900B41D8B /* ViewController.swift */; };
		7B5D61DB284EC03900B41D8B /* Main.storyboard in Resources */ = {isa = PBXBuildFile; fileRef = 7B5D61D9284EC03900B41D8B /* Main.storyboard */; };
		7B5D61DD284EC03C00B41D8B /* Assets.xcassets in Resources */ = {isa = PBXBuildFile; fileRef = 7B5D61DC284EC03C00B41D8B /* Assets.xcassets */; };
		7B5D61E0284EC03C00B41D8B /* LaunchScreen.storyboard in Resources */ = {isa = PBXBuildFile; fileRef = 7B5D61DE284EC03C00B41D8B /* LaunchScreen.storyboard */; };
		7B5D61E8284EC0F300B41D8B /* SimpleCardViewController.swift in Sources */ = {isa = PBXBuildFile; fileRef = 7B5D61E7284EC0F300B41D8B /* SimpleCardViewController.swift */; };
		7B5D61EA284ED96100B41D8B /* CardView.swift in Sources */ = {isa = PBXBuildFile; fileRef = 7B5D61E9284ED96100B41D8B /* CardView.swift */; };
		7B5D61EF284EDCBF00B41D8B /* MyData.swift in Sources */ = {isa = PBXBuildFile; fileRef = 7B5D61EE284EDCBF00B41D8B /* MyData.swift */; };
		7B5D61F2284EEA4A00B41D8B /* CardView+Enum.swift in Sources */ = {isa = PBXBuildFile; fileRef = 7B5D61F1284EEA4A00B41D8B /* CardView+Enum.swift */; };
		7B5D61F4284F18C400B41D8B /* CardTextViews.swift in Sources */ = {isa = PBXBuildFile; fileRef = 7B5D61F3284F18C400B41D8B /* CardTextViews.swift */; };
		7B5D61F7284F27AA00B41D8B /* CardCollectionViewController.swift in Sources */ = {isa = PBXBuildFile; fileRef = 7B5D61F6284F27AA00B41D8B /* CardCollectionViewController.swift */; };
		7B5D61F9284F29A900B41D8B /* CardViewCell.swift in Sources */ = {isa = PBXBuildFile; fileRef = 7B5D61F8284F29A900B41D8B /* CardViewCell.swift */; };
		7B5D61FB28504BA800B41D8B /* CardCollectionViewController+DataSource.swift in Sources */ = {isa = PBXBuildFile; fileRef = 7B5D61FA28504BA800B41D8B /* CardCollectionViewController+DataSource.swift */; };
		7B5D61FD28504DC600B41D8B /* CardCollectionViewHeaderView.swift in Sources */ = {isa = PBXBuildFile; fileRef = 7B5D61FC28504DC600B41D8B /* CardCollectionViewHeaderView.swift */; };
		7B6600CE2877AB86003C14E9 /* VerticalCardsViewController.swift in Sources */ = {isa = PBXBuildFile; fileRef = 7B6600CD2877AB86003C14E9 /* VerticalCardsViewController.swift */; };
		7B8666EA289A6E55003CD34C /* CardView+Views.swift in Sources */ = {isa = PBXBuildFile; fileRef = 7B8666E9289A6E55003CD34C /* CardView+Views.swift */; };
		7BA0DB1C2851EA9800606382 /* CardPageViewController.swift in Sources */ = {isa = PBXBuildFile; fileRef = 7BA0DB1B2851EA9800606382 /* CardPageViewController.swift */; };
		7BA0DB1E2851EACD00606382 /* CardScrollView.swift in Sources */ = {isa = PBXBuildFile; fileRef = 7BA0DB1D2851EACD00606382 /* CardScrollView.swift */; };
		7BA0DB252852CAD100606382 /* CardCollectionViewFooterView.swift in Sources */ = {isa = PBXBuildFile; fileRef = 7BA0DB242852CAD100606382 /* CardCollectionViewFooterView.swift */; };
		7BA0DB272852E2EC00606382 /* PagingInfo.swift in Sources */ = {isa = PBXBuildFile; fileRef = 7BA0DB262852E2EC00606382 /* PagingInfo.swift */; };
		7BF86C0A286AFDAC003ED89B /* MultiResourcesViewController.swift in Sources */ = {isa = PBXBuildFile; fileRef = 7BF86C09286AFDAC003ED89B /* MultiResourcesViewController.swift */; };
		7BF86C0E286B0D1A003ED89B /* CardResourceScrollView.swift in Sources */ = {isa = PBXBuildFile; fileRef = 7BF86C0D286B0D1A003ED89B /* CardResourceScrollView.swift */; };
/* End PBXBuildFile section */

/* Begin PBXFileReference section */
		7B2AF1C6285969A200475887 /* SwipeableCardViewController.swift */ = {isa = PBXFileReference; lastKnownFileType = sourcecode.swift; path = SwipeableCardViewController.swift; sourceTree = "<group>"; };
		7B5D61D0284EC03900B41D8B /* CardViewProject.app */ = {isa = PBXFileReference; explicitFileType = wrapper.application; includeInIndex = 0; path = CardViewProject.app; sourceTree = BUILT_PRODUCTS_DIR; };
		7B5D61D3284EC03900B41D8B /* AppDelegate.swift */ = {isa = PBXFileReference; lastKnownFileType = sourcecode.swift; path = AppDelegate.swift; sourceTree = "<group>"; };
		7B5D61D5284EC03900B41D8B /* SceneDelegate.swift */ = {isa = PBXFileReference; lastKnownFileType = sourcecode.swift; path = SceneDelegate.swift; sourceTree = "<group>"; };
		7B5D61D7284EC03900B41D8B /* ViewController.swift */ = {isa = PBXFileReference; lastKnownFileType = sourcecode.swift; path = ViewController.swift; sourceTree = "<group>"; };
		7B5D61DA284EC03900B41D8B /* Base */ = {isa = PBXFileReference; lastKnownFileType = file.storyboard; name = Base; path = Base.lproj/Main.storyboard; sourceTree = "<group>"; };
		7B5D61DC284EC03C00B41D8B /* Assets.xcassets */ = {isa = PBXFileReference; lastKnownFileType = folder.assetcatalog; path = Assets.xcassets; sourceTree = "<group>"; };
		7B5D61DF284EC03C00B41D8B /* Base */ = {isa = PBXFileReference; lastKnownFileType = file.storyboard; name = Base; path = Base.lproj/LaunchScreen.storyboard; sourceTree = "<group>"; };
		7B5D61E1284EC03C00B41D8B /* Info.plist */ = {isa = PBXFileReference; lastKnownFileType = text.plist.xml; path = Info.plist; sourceTree = "<group>"; };
		7B5D61E7284EC0F300B41D8B /* SimpleCardViewController.swift */ = {isa = PBXFileReference; lastKnownFileType = sourcecode.swift; path = SimpleCardViewController.swift; sourceTree = "<group>"; };
		7B5D61E9284ED96100B41D8B /* CardView.swift */ = {isa = PBXFileReference; lastKnownFileType = sourcecode.swift; path = CardView.swift; sourceTree = "<group>"; };
		7B5D61EE284EDCBF00B41D8B /* MyData.swift */ = {isa = PBXFileReference; lastKnownFileType = sourcecode.swift; path = MyData.swift; sourceTree = "<group>"; };
		7B5D61F1284EEA4A00B41D8B /* CardView+Enum.swift */ = {isa = PBXFileReference; lastKnownFileType = sourcecode.swift; path = "CardView+Enum.swift"; sourceTree = "<group>"; };
		7B5D61F3284F18C400B41D8B /* CardTextViews.swift */ = {isa = PBXFileReference; lastKnownFileType = sourcecode.swift; path = CardTextViews.swift; sourceTree = "<group>"; };
		7B5D61F6284F27AA00B41D8B /* CardCollectionViewController.swift */ = {isa = PBXFileReference; lastKnownFileType = sourcecode.swift; path = CardCollectionViewController.swift; sourceTree = "<group>"; };
		7B5D61F8284F29A900B41D8B /* CardViewCell.swift */ = {isa = PBXFileReference; lastKnownFileType = sourcecode.swift; path = CardViewCell.swift; sourceTree = "<group>"; };
		7B5D61FA28504BA800B41D8B /* CardCollectionViewController+DataSource.swift */ = {isa = PBXFileReference; lastKnownFileType = sourcecode.swift; path = "CardCollectionViewController+DataSource.swift"; sourceTree = "<group>"; };
		7B5D61FC28504DC600B41D8B /* CardCollectionViewHeaderView.swift */ = {isa = PBXFileReference; lastKnownFileType = sourcecode.swift; path = CardCollectionViewHeaderView.swift; sourceTree = "<group>"; };
		7B6600CD2877AB86003C14E9 /* VerticalCardsViewController.swift */ = {isa = PBXFileReference; lastKnownFileType = sourcecode.swift; path = VerticalCardsViewController.swift; sourceTree = "<group>"; };
		7B8666E9289A6E55003CD34C /* CardView+Views.swift */ = {isa = PBXFileReference; lastKnownFileType = sourcecode.swift; path = "CardView+Views.swift"; sourceTree = "<group>"; };
		7BA0DB1B2851EA9800606382 /* CardPageViewController.swift */ = {isa = PBXFileReference; lastKnownFileType = sourcecode.swift; path = CardPageViewController.swift; sourceTree = "<group>"; };
		7BA0DB1D2851EACD00606382 /* CardScrollView.swift */ = {isa = PBXFileReference; lastKnownFileType = sourcecode.swift; path = CardScrollView.swift; sourceTree = "<group>"; };
		7BA0DB242852CAD100606382 /* CardCollectionViewFooterView.swift */ = {isa = PBXFileReference; lastKnownFileType = sourcecode.swift; path = CardCollectionViewFooterView.swift; sourceTree = "<group>"; };
		7BA0DB262852E2EC00606382 /* PagingInfo.swift */ = {isa = PBXFileReference; lastKnownFileType = sourcecode.swift; path = PagingInfo.swift; sourceTree = "<group>"; };
		7BF86C09286AFDAC003ED89B /* MultiResourcesViewController.swift */ = {isa = PBXFileReference; lastKnownFileType = sourcecode.swift; path = MultiResourcesViewController.swift; sourceTree = "<group>"; };
		7BF86C0D286B0D1A003ED89B /* CardResourceScrollView.swift */ = {isa = PBXFileReference; lastKnownFileType = sourcecode.swift; path = CardResourceScrollView.swift; sourceTree = "<group>"; };
/* End PBXFileReference section */

/* Begin PBXFrameworksBuildPhase section */
		7B5D61CD284EC03900B41D8B /* Frameworks */ = {
			isa = PBXFrameworksBuildPhase;
			buildActionMask = 2147483647;
			files = (
			);
			runOnlyForDeploymentPostprocessing = 0;
		};
/* End PBXFrameworksBuildPhase section */

/* Begin PBXGroup section */
		7B5D61C7284EC03900B41D8B = {
			isa = PBXGroup;
			children = (
				7B5D61D2284EC03900B41D8B /* CardViewProject */,
				7B5D61D1284EC03900B41D8B /* Products */,
			);
			sourceTree = "<group>";
		};
		7B5D61D1284EC03900B41D8B /* Products */ = {
			isa = PBXGroup;
			children = (
				7B5D61D0284EC03900B41D8B /* CardViewProject.app */,
			);
			name = Products;
			sourceTree = "<group>";
		};
		7B5D61D2284EC03900B41D8B /* CardViewProject */ = {
			isa = PBXGroup;
			children = (
				7B5D61F0284EDCC500B41D8B /* Model */,
				7B5D61EB284ED96600B41D8B /* ContentView */,
				7B5D61F5284F277900B41D8B /* ViewControllers */,
				7B5D61D3284EC03900B41D8B /* AppDelegate.swift */,
				7B5D61D5284EC03900B41D8B /* SceneDelegate.swift */,
				7B5D61D9284EC03900B41D8B /* Main.storyboard */,
				7B5D61DC284EC03C00B41D8B /* Assets.xcassets */,
				7B5D61DE284EC03C00B41D8B /* LaunchScreen.storyboard */,
				7B5D61E1284EC03C00B41D8B /* Info.plist */,
			);
			path = CardViewProject;
			sourceTree = "<group>";
		};
		7B5D61EB284ED96600B41D8B /* ContentView */ = {
			isa = PBXGroup;
			children = (
				7B8666E7289A4928003CD34C /* CardView */,
				7B8666E8289A4996003CD34C /* CardViewCell */,
				7BA0DB1D2851EACD00606382 /* CardScrollView.swift */,
				7BF86C0D286B0D1A003ED89B /* CardResourceScrollView.swift */,
			);
			path = ContentView;
			sourceTree = "<group>";
		};
		7B5D61F0284EDCC500B41D8B /* Model */ = {
			isa = PBXGroup;
			children = (
				7B5D61EE284EDCBF00B41D8B /* MyData.swift */,
				7BA0DB262852E2EC00606382 /* PagingInfo.swift */,
			);
			path = Model;
			sourceTree = "<group>";
		};
		7B5D61F5284F277900B41D8B /* ViewControllers */ = {
			isa = PBXGroup;
			children = (
				7B5D61D7284EC03900B41D8B /* ViewController.swift */,
				7B5D61E7284EC0F300B41D8B /* SimpleCardViewController.swift */,
				7B5D61F6284F27AA00B41D8B /* CardCollectionViewController.swift */,
				7B5D61FA28504BA800B41D8B /* CardCollectionViewController+DataSource.swift */,
				7BA0DB1B2851EA9800606382 /* CardPageViewController.swift */,
				7BF86C09286AFDAC003ED89B /* MultiResourcesViewController.swift */,
				7B2AF1C6285969A200475887 /* SwipeableCardViewController.swift */,
				7B6600CD2877AB86003C14E9 /* VerticalCardsViewController.swift */,
			);
			path = ViewControllers;
			sourceTree = "<group>";
		};
		7B8666E7289A4928003CD34C /* CardView */ = {
			isa = PBXGroup;
			children = (
				7B5D61E9284ED96100B41D8B /* CardView.swift */,
				7B8666E9289A6E55003CD34C /* CardView+Views.swift */,
				7B5D61F1284EEA4A00B41D8B /* CardView+Enum.swift */,
				7B5D61F3284F18C400B41D8B /* CardTextViews.swift */,
			);
			path = CardView;
			sourceTree = "<group>";
		};
		7B8666E8289A4996003CD34C /* CardViewCell */ = {
			isa = PBXGroup;
			children = (
				7B5D61F8284F29A900B41D8B /* CardViewCell.swift */,
				7B5D61FC28504DC600B41D8B /* CardCollectionViewHeaderView.swift */,
				7BA0DB242852CAD100606382 /* CardCollectionViewFooterView.swift */,
			);
			path = CardViewCell;
			sourceTree = "<group>";
		};
/* End PBXGroup section */

/* Begin PBXNativeTarget section */
		7B5D61CF284EC03900B41D8B /* CardViewProject */ = {
			isa = PBXNativeTarget;
			buildConfigurationList = 7B5D61E4284EC03C00B41D8B /* Build configuration list for PBXNativeTarget "CardViewProject" */;
			buildPhases = (
				7B5D61CC284EC03900B41D8B /* Sources */,
				7B5D61CD284EC03900B41D8B /* Frameworks */,
				7B5D61CE284EC03900B41D8B /* Resources */,
			);
			buildRules = (
			);
			dependencies = (
			);
			name = CardViewProject;
			productName = CardViewProject;
			productReference = 7B5D61D0284EC03900B41D8B /* CardViewProject.app */;
			productType = "com.apple.product-type.application";
		};
/* End PBXNativeTarget section */

/* Begin PBXProject section */
		7B5D61C8284EC03900B41D8B /* Project object */ = {
			isa = PBXProject;
			attributes = {
				BuildIndependentTargetsInParallel = 1;
				LastSwiftUpdateCheck = 1320;
				LastUpgradeCheck = 1320;
				TargetAttributes = {
					7B5D61CF284EC03900B41D8B = {
						CreatedOnToolsVersion = 13.2.1;
					};
				};
			};
			buildConfigurationList = 7B5D61CB284EC03900B41D8B /* Build configuration list for PBXProject "CardViewProject" */;
			compatibilityVersion = "Xcode 13.0";
			developmentRegion = en;
			hasScannedForEncodings = 0;
			knownRegions = (
				en,
				Base,
			);
			mainGroup = 7B5D61C7284EC03900B41D8B;
			productRefGroup = 7B5D61D1284EC03900B41D8B /* Products */;
			projectDirPath = "";
			projectRoot = "";
			targets = (
				7B5D61CF284EC03900B41D8B /* CardViewProject */,
			);
		};
/* End PBXProject section */

/* Begin PBXResourcesBuildPhase section */
		7B5D61CE284EC03900B41D8B /* Resources */ = {
			isa = PBXResourcesBuildPhase;
			buildActionMask = 2147483647;
			files = (
				7B5D61E0284EC03C00B41D8B /* LaunchScreen.storyboard in Resources */,
				7B5D61DD284EC03C00B41D8B /* Assets.xcassets in Resources */,
				7B5D61DB284EC03900B41D8B /* Main.storyboard in Resources */,
			);
			runOnlyForDeploymentPostprocessing = 0;
		};
/* End PBXResourcesBuildPhase section */

/* Begin PBXSourcesBuildPhase section */
		7B5D61CC284EC03900B41D8B /* Sources */ = {
			isa = PBXSourcesBuildPhase;
			buildActionMask = 2147483647;
			files = (
				7B5D61F7284F27AA00B41D8B /* CardCollectionViewController.swift in Sources */,
				7BA0DB252852CAD100606382 /* CardCollectionViewFooterView.swift in Sources */,
				7B6600CE2877AB86003C14E9 /* VerticalCardsViewController.swift in Sources */,
				7B5D61E8284EC0F300B41D8B /* SimpleCardViewController.swift in Sources */,
				7B5D61F9284F29A900B41D8B /* CardViewCell.swift in Sources */,
				7B8666EA289A6E55003CD34C /* CardView+Views.swift in Sources */,
				7B5D61D8284EC03900B41D8B /* ViewController.swift in Sources */,
				7B5D61D4284EC03900B41D8B /* AppDelegate.swift in Sources */,
				7BF86C0E286B0D1A003ED89B /* CardResourceScrollView.swift in Sources */,
				7B5D61FB28504BA800B41D8B /* CardCollectionViewController+DataSource.swift in Sources */,
				7B5D61D6284EC03900B41D8B /* SceneDelegate.swift in Sources */,
				7B5D61FD28504DC600B41D8B /* CardCollectionViewHeaderView.swift in Sources */,
				7B5D61EA284ED96100B41D8B /* CardView.swift in Sources */,
				7BA0DB1C2851EA9800606382 /* CardPageViewController.swift in Sources */,
				7B5D61F2284EEA4A00B41D8B /* CardView+Enum.swift in Sources */,
				7B5D61F4284F18C400B41D8B /* CardTextViews.swift in Sources */,
				7BA0DB272852E2EC00606382 /* PagingInfo.swift in Sources */,
				7BF86C0A286AFDAC003ED89B /* MultiResourcesViewController.swift in Sources */,
				7B5D61EF284EDCBF00B41D8B /* MyData.swift in Sources */,
				7B2AF1C7285969A200475887 /* SwipeableCardViewController.swift in Sources */,
				7BA0DB1E2851EACD00606382 /* CardScrollView.swift in Sources */,
			);
			runOnlyForDeploymentPostprocessing = 0;
		};
/* End PBXSourcesBuildPhase section */

/* Begin PBXVariantGroup section */
		7B5D61D9284EC03900B41D8B /* Main.storyboard */ = {
			isa = PBXVariantGroup;
			children = (
				7B5D61DA284EC03900B41D8B /* Base */,
			);
			name = Main.storyboard;
			sourceTree = "<group>";
		};
		7B5D61DE284EC03C00B41D8B /* LaunchScreen.storyboard */ = {
			isa = PBXVariantGroup;
			children = (
				7B5D61DF284EC03C00B41D8B /* Base */,
			);
			name = LaunchScreen.storyboard;
			sourceTree = "<group>";
		};
/* End PBXVariantGroup section */

/* Begin XCBuildConfiguration section */
		7B5D61E2284EC03C00B41D8B /* Debug */ = {
			isa = XCBuildConfiguration;
			buildSettings = {
				ALWAYS_SEARCH_USER_PATHS = NO;
				CLANG_ANALYZER_NONNULL = YES;
				CLANG_ANALYZER_NUMBER_OBJECT_CONVERSION = YES_AGGRESSIVE;
				CLANG_CXX_LANGUAGE_STANDARD = "gnu++17";
				CLANG_CXX_LIBRARY = "libc++";
				CLANG_ENABLE_MODULES = YES;
				CLANG_ENABLE_OBJC_ARC = YES;
				CLANG_ENABLE_OBJC_WEAK = YES;
				CLANG_WARN_BLOCK_CAPTURE_AUTORELEASING = YES;
				CLANG_WARN_BOOL_CONVERSION = YES;
				CLANG_WARN_COMMA = YES;
				CLANG_WARN_CONSTANT_CONVERSION = YES;
				CLANG_WARN_DEPRECATED_OBJC_IMPLEMENTATIONS = YES;
				CLANG_WARN_DIRECT_OBJC_ISA_USAGE = YES_ERROR;
				CLANG_WARN_DOCUMENTATION_COMMENTS = YES;
				CLANG_WARN_EMPTY_BODY = YES;
				CLANG_WARN_ENUM_CONVERSION = YES;
				CLANG_WARN_INFINITE_RECURSION = YES;
				CLANG_WARN_INT_CONVERSION = YES;
				CLANG_WARN_NON_LITERAL_NULL_CONVERSION = YES;
				CLANG_WARN_OBJC_IMPLICIT_RETAIN_SELF = YES;
				CLANG_WARN_OBJC_LITERAL_CONVERSION = YES;
				CLANG_WARN_OBJC_ROOT_CLASS = YES_ERROR;
				CLANG_WARN_QUOTED_INCLUDE_IN_FRAMEWORK_HEADER = YES;
				CLANG_WARN_RANGE_LOOP_ANALYSIS = YES;
				CLANG_WARN_STRICT_PROTOTYPES = YES;
				CLANG_WARN_SUSPICIOUS_MOVE = YES;
				CLANG_WARN_UNGUARDED_AVAILABILITY = YES_AGGRESSIVE;
				CLANG_WARN_UNREACHABLE_CODE = YES;
				CLANG_WARN__DUPLICATE_METHOD_MATCH = YES;
				COPY_PHASE_STRIP = NO;
				DEBUG_INFORMATION_FORMAT = dwarf;
				ENABLE_STRICT_OBJC_MSGSEND = YES;
				ENABLE_TESTABILITY = YES;
				GCC_C_LANGUAGE_STANDARD = gnu11;
				GCC_DYNAMIC_NO_PIC = NO;
				GCC_NO_COMMON_BLOCKS = YES;
				GCC_OPTIMIZATION_LEVEL = 0;
				GCC_PREPROCESSOR_DEFINITIONS = (
					"DEBUG=1",
					"$(inherited)",
				);
				GCC_WARN_64_TO_32_BIT_CONVERSION = YES;
				GCC_WARN_ABOUT_RETURN_TYPE = YES_ERROR;
				GCC_WARN_UNDECLARED_SELECTOR = YES;
				GCC_WARN_UNINITIALIZED_AUTOS = YES_AGGRESSIVE;
				GCC_WARN_UNUSED_FUNCTION = YES;
				GCC_WARN_UNUSED_VARIABLE = YES;
				IPHONEOS_DEPLOYMENT_TARGET = 15.2;
				MTL_ENABLE_DEBUG_INFO = INCLUDE_SOURCE;
				MTL_FAST_MATH = YES;
				ONLY_ACTIVE_ARCH = YES;
				SDKROOT = iphoneos;
				SWIFT_ACTIVE_COMPILATION_CONDITIONS = DEBUG;
				SWIFT_OPTIMIZATION_LEVEL = "-Onone";
			};
			name = Debug;
		};
		7B5D61E3284EC03C00B41D8B /* Release */ = {
			isa = XCBuildConfiguration;
			buildSettings = {
				ALWAYS_SEARCH_USER_PATHS = NO;
				CLANG_ANALYZER_NONNULL = YES;
				CLANG_ANALYZER_NUMBER_OBJECT_CONVERSION = YES_AGGRESSIVE;
				CLANG_CXX_LANGUAGE_STANDARD = "gnu++17";
				CLANG_CXX_LIBRARY = "libc++";
				CLANG_ENABLE_MODULES = YES;
				CLANG_ENABLE_OBJC_ARC = YES;
				CLANG_ENABLE_OBJC_WEAK = YES;
				CLANG_WARN_BLOCK_CAPTURE_AUTORELEASING = YES;
				CLANG_WARN_BOOL_CONVERSION = YES;
				CLANG_WARN_COMMA = YES;
				CLANG_WARN_CONSTANT_CONVERSION = YES;
				CLANG_WARN_DEPRECATED_OBJC_IMPLEMENTATIONS = YES;
				CLANG_WARN_DIRECT_OBJC_ISA_USAGE = YES_ERROR;
				CLANG_WARN_DOCUMENTATION_COMMENTS = YES;
				CLANG_WARN_EMPTY_BODY = YES;
				CLANG_WARN_ENUM_CONVERSION = YES;
				CLANG_WARN_INFINITE_RECURSION = YES;
				CLANG_WARN_INT_CONVERSION = YES;
				CLANG_WARN_NON_LITERAL_NULL_CONVERSION = YES;
				CLANG_WARN_OBJC_IMPLICIT_RETAIN_SELF = YES;
				CLANG_WARN_OBJC_LITERAL_CONVERSION = YES;
				CLANG_WARN_OBJC_ROOT_CLASS = YES_ERROR;
				CLANG_WARN_QUOTED_INCLUDE_IN_FRAMEWORK_HEADER = YES;
				CLANG_WARN_RANGE_LOOP_ANALYSIS = YES;
				CLANG_WARN_STRICT_PROTOTYPES = YES;
				CLANG_WARN_SUSPICIOUS_MOVE = YES;
				CLANG_WARN_UNGUARDED_AVAILABILITY = YES_AGGRESSIVE;
				CLANG_WARN_UNREACHABLE_CODE = YES;
				CLANG_WARN__DUPLICATE_METHOD_MATCH = YES;
				COPY_PHASE_STRIP = NO;
				DEBUG_INFORMATION_FORMAT = "dwarf-with-dsym";
				ENABLE_NS_ASSERTIONS = NO;
				ENABLE_STRICT_OBJC_MSGSEND = YES;
				GCC_C_LANGUAGE_STANDARD = gnu11;
				GCC_NO_COMMON_BLOCKS = YES;
				GCC_WARN_64_TO_32_BIT_CONVERSION = YES;
				GCC_WARN_ABOUT_RETURN_TYPE = YES_ERROR;
				GCC_WARN_UNDECLARED_SELECTOR = YES;
				GCC_WARN_UNINITIALIZED_AUTOS = YES_AGGRESSIVE;
				GCC_WARN_UNUSED_FUNCTION = YES;
				GCC_WARN_UNUSED_VARIABLE = YES;
				IPHONEOS_DEPLOYMENT_TARGET = 15.2;
				MTL_ENABLE_DEBUG_INFO = NO;
				MTL_FAST_MATH = YES;
				SDKROOT = iphoneos;
				SWIFT_COMPILATION_MODE = wholemodule;
				SWIFT_OPTIMIZATION_LEVEL = "-O";
				VALIDATE_PRODUCT = YES;
			};
			name = Release;
		};
		7B5D61E5284EC03C00B41D8B /* Debug */ = {
			isa = XCBuildConfiguration;
			buildSettings = {
				ASSETCATALOG_COMPILER_APPICON_NAME = AppIcon;
				ASSETCATALOG_COMPILER_GLOBAL_ACCENT_COLOR_NAME = AccentColor;
				CODE_SIGN_STYLE = Automatic;
				CURRENT_PROJECT_VERSION = 1;
				DEVELOPMENT_TEAM = RZ44QB8QA5;
				GENERATE_INFOPLIST_FILE = YES;
				INFOPLIST_FILE = CardViewProject/Info.plist;
				INFOPLIST_KEY_UIApplicationSupportsIndirectInputEvents = YES;
				INFOPLIST_KEY_UILaunchStoryboardName = LaunchScreen;
				INFOPLIST_KEY_UIMainStoryboardFile = Main;
				INFOPLIST_KEY_UISupportedInterfaceOrientations_iPad = "UIInterfaceOrientationPortrait UIInterfaceOrientationPortraitUpsideDown UIInterfaceOrientationLandscapeLeft UIInterfaceOrientationLandscapeRight";
				INFOPLIST_KEY_UISupportedInterfaceOrientations_iPhone = "UIInterfaceOrientationPortrait UIInterfaceOrientationLandscapeLeft UIInterfaceOrientationLandscapeRight";
				IPHONEOS_DEPLOYMENT_TARGET = 14.0;
				LD_RUNPATH_SEARCH_PATHS = (
					"$(inherited)",
					"@executable_path/Frameworks",
				);
				MARKETING_VERSION = 1.0;
				PRODUCT_BUNDLE_IDENTIFIER = com.insanebear.CardViewProject;
				PRODUCT_NAME = "$(TARGET_NAME)";
				SWIFT_EMIT_LOC_STRINGS = YES;
				SWIFT_VERSION = 5.0;
				TARGETED_DEVICE_FAMILY = "1,2";
			};
			name = Debug;
		};
		7B5D61E6284EC03C00B41D8B /* Release */ = {
			isa = XCBuildConfiguration;
			buildSettings = {
				ASSETCATALOG_COMPILER_APPICON_NAME = AppIcon;
				ASSETCATALOG_COMPILER_GLOBAL_ACCENT_COLOR_NAME = AccentColor;
				CODE_SIGN_STYLE = Automatic;
				CURRENT_PROJECT_VERSION = 1;
				DEVELOPMENT_TEAM = RZ44QB8QA5;
				GENERATE_INFOPLIST_FILE = YES;
				INFOPLIST_FILE = CardViewProject/Info.plist;
				INFOPLIST_KEY_UIApplicationSupportsIndirectInputEvents = YES;
				INFOPLIST_KEY_UILaunchStoryboardName = LaunchScreen;
				INFOPLIST_KEY_UIMainStoryboardFile = Main;
				INFOPLIST_KEY_UISupportedInterfaceOrientations_iPad = "UIInterfaceOrientationPortrait UIInterfaceOrientationPortraitUpsideDown UIInterfaceOrientationLandscapeLeft UIInterfaceOrientationLandscapeRight";
				INFOPLIST_KEY_UISupportedInterfaceOrientations_iPhone = "UIInterfaceOrientationPortrait UIInterfaceOrientationLandscapeLeft UIInterfaceOrientationLandscapeRight";
				IPHONEOS_DEPLOYMENT_TARGET = 14.0;
				LD_RUNPATH_SEARCH_PATHS = (
					"$(inherited)",
					"@executable_path/Frameworks",
				);
				MARKETING_VERSION = 1.0;
				PRODUCT_BUNDLE_IDENTIFIER = com.insanebear.CardViewProject;
				PRODUCT_NAME = "$(TARGET_NAME)";
				SWIFT_EMIT_LOC_STRINGS = YES;
				SWIFT_VERSION = 5.0;
				TARGETED_DEVICE_FAMILY = "1,2";
			};
			name = Release;
		};
/* End XCBuildConfiguration section */

/* Begin XCConfigurationList section */
		7B5D61CB284EC03900B41D8B /* Build configuration list for PBXProject "CardViewProject" */ = {
			isa = XCConfigurationList;
			buildConfigurations = (
				7B5D61E2284EC03C00B41D8B /* Debug */,
				7B5D61E3284EC03C00B41D8B /* Release */,
			);
			defaultConfigurationIsVisible = 0;
			defaultConfigurationName = Release;
		};
		7B5D61E4284EC03C00B41D8B /* Build configuration list for PBXNativeTarget "CardViewProject" */ = {
			isa = XCConfigurationList;
			buildConfigurations = (
				7B5D61E5284EC03C00B41D8B /* Debug */,
				7B5D61E6284EC03C00B41D8B /* Release */,
			);
			defaultConfigurationIsVisible = 0;
			defaultConfigurationName = Release;
		};
/* End XCConfigurationList section */
	};
	rootObject = 7B5D61C8284EC03900B41D8B /* Project object */;
}
