// !$*UTF8*$!
{
	archiveVersion = 1;
	classes = {
	};
	objectVersion = 55;
	objects = {

/* Begin PBXBuildFile section */
		7B28208628C751E100B5C939 /* AppDelegate.swift in Sources */ = {isa = PBXBuildFile; fileRef = 7B28208528C751E100B5C939 /* AppDelegate.swift */; };
		7B28208828C751E100B5C939 /* SceneDelegate.swift in Sources */ = {isa = PBXBuildFile; fileRef = 7B28208728C751E100B5C939 /* SceneDelegate.swift */; };
		7B28208A28C751E100B5C939 /* ViewController.swift in Sources */ = {isa = PBXBuildFile; fileRef = 7B28208928C751E100B5C939 /* ViewController.swift */; };
		7B28208D28C751E100B5C939 /* Main.storyboard in Resources */ = {isa = PBXBuildFile; fileRef = 7B28208B28C751E100B5C939 /* Main.storyboard */; };
		7B28208F28C751E300B5C939 /* Assets.xcassets in Resources */ = {isa = PBXBuildFile; fileRef = 7B28208E28C751E300B5C939 /* Assets.xcassets */; };
		7B28209228C751E300B5C939 /* LaunchScreen.storyboard in Resources */ = {isa = PBXBuildFile; fileRef = 7B28209028C751E300B5C939 /* LaunchScreen.storyboard */; };
		7B28209A28C7FA7100B5C939 /* MyCell.swift in Sources */ = {isa = PBXBuildFile; fileRef = 7B28209928C7FA7100B5C939 /* MyCell.swift */; };
		7B28209C28C81F0E00B5C939 /* CellLeadingView.swift in Sources */ = {isa = PBXBuildFile; fileRef = 7B28209B28C81F0E00B5C939 /* CellLeadingView.swift */; };
		7B28209F28C8655C00B5C939 /* ExtraInfoView.swift in Sources */ = {isa = PBXBuildFile; fileRef = 7B28209E28C8655C00B5C939 /* ExtraInfoView.swift */; };
		7BE47E7028D944BF006066B5 /* CellAccessoryView.swift in Sources */ = {isa = PBXBuildFile; fileRef = 7BE47E6F28D944BF006066B5 /* CellAccessoryView.swift */; };
		7BE47E7328DC0E41006066B5 /* Emoji.swift in Sources */ = {isa = PBXBuildFile; fileRef = 7BE47E7228DC0E41006066B5 /* Emoji.swift */; };
		7BE47E7628DC36AA006066B5 /* EditorViewController.swift in Sources */ = {isa = PBXBuildFile; fileRef = 7BE47E7528DC36AA006066B5 /* EditorViewController.swift */; };
/* End PBXBuildFile section */

/* Begin PBXFileReference section */
		7B28208228C751E100B5C939 /* CustomTableViewProject.app */ = {isa = PBXFileReference; explicitFileType = wrapper.application; includeInIndex = 0; path = CustomTableViewProject.app; sourceTree = BUILT_PRODUCTS_DIR; };
		7B28208528C751E100B5C939 /* AppDelegate.swift */ = {isa = PBXFileReference; lastKnownFileType = sourcecode.swift; path = AppDelegate.swift; sourceTree = "<group>"; };
		7B28208728C751E100B5C939 /* SceneDelegate.swift */ = {isa = PBXFileReference; lastKnownFileType = sourcecode.swift; path = SceneDelegate.swift; sourceTree = "<group>"; };
		7B28208928C751E100B5C939 /* ViewController.swift */ = {isa = PBXFileReference; lastKnownFileType = sourcecode.swift; path = ViewController.swift; sourceTree = "<group>"; };
		7B28208C28C751E100B5C939 /* Base */ = {isa = PBXFileReference; lastKnownFileType = file.storyboard; name = Base; path = Base.lproj/Main.storyboard; sourceTree = "<group>"; };
		7B28208E28C751E300B5C939 /* Assets.xcassets */ = {isa = PBXFileReference; lastKnownFileType = folder.assetcatalog; path = Assets.xcassets; sourceTree = "<group>"; };
		7B28209128C751E300B5C939 /* Base */ = {isa = PBXFileReference; lastKnownFileType = file.storyboard; name = Base; path = Base.lproj/LaunchScreen.storyboard; sourceTree = "<group>"; };
		7B28209328C751E300B5C939 /* Info.plist */ = {isa = PBXFileReference; lastKnownFileType = text.plist.xml; path = Info.plist; sourceTree = "<group>"; };
		7B28209928C7FA7100B5C939 /* MyCell.swift */ = {isa = PBXFileReference; lastKnownFileType = sourcecode.swift; path = MyCell.swift; sourceTree = "<group>"; };
		7B28209B28C81F0E00B5C939 /* CellLeadingView.swift */ = {isa = PBXFileReference; lastKnownFileType = sourcecode.swift; path = CellLeadingView.swift; sourceTree = "<group>"; };
		7B28209E28C8655C00B5C939 /* ExtraInfoView.swift */ = {isa = PBXFileReference; lastKnownFileType = sourcecode.swift; path = ExtraInfoView.swift; sourceTree = "<group>"; };
		7BE47E6F28D944BF006066B5 /* CellAccessoryView.swift */ = {isa = PBXFileReference; lastKnownFileType = sourcecode.swift; path = CellAccessoryView.swift; sourceTree = "<group>"; };
		7BE47E7228DC0E41006066B5 /* Emoji.swift */ = {isa = PBXFileReference; lastKnownFileType = sourcecode.swift; path = Emoji.swift; sourceTree = "<group>"; };
		7BE47E7528DC36AA006066B5 /* EditorViewController.swift */ = {isa = PBXFileReference; lastKnownFileType = sourcecode.swift; path = EditorViewController.swift; sourceTree = "<group>"; };
/* End PBXFileReference section */

/* Begin PBXFrameworksBuildPhase section */
		7B28207F28C751E100B5C939 /* Frameworks */ = {
			isa = PBXFrameworksBuildPhase;
			buildActionMask = 2147483647;
			files = (
			);
			runOnlyForDeploymentPostprocessing = 0;
		};
/* End PBXFrameworksBuildPhase section */

/* Begin PBXGroup section */
		7B28207928C751E100B5C939 = {
			isa = PBXGroup;
			children = (
				7B28208428C751E100B5C939 /* CustomTableViewProject */,
				7B28208328C751E100B5C939 /* Products */,
			);
			sourceTree = "<group>";
		};
		7B28208328C751E100B5C939 /* Products */ = {
			isa = PBXGroup;
			children = (
				7B28208228C751E100B5C939 /* CustomTableViewProject.app */,
			);
			name = Products;
			sourceTree = "<group>";
		};
		7B28208428C751E100B5C939 /* CustomTableViewProject */ = {
			isa = PBXGroup;
			children = (
				7B28208528C751E100B5C939 /* AppDelegate.swift */,
				7B28208728C751E100B5C939 /* SceneDelegate.swift */,
				7BE47E7428DC0F2A006066B5 /* ViewControllers */,
				7B28209D28C8652200B5C939 /* Views */,
				7BE47E7128DC0E21006066B5 /* Models */,
				7B28208B28C751E100B5C939 /* Main.storyboard */,
				7B28208E28C751E300B5C939 /* Assets.xcassets */,
				7B28209028C751E300B5C939 /* LaunchScreen.storyboard */,
				7B28209328C751E300B5C939 /* Info.plist */,
			);
			path = CustomTableViewProject;
			sourceTree = "<group>";
		};
		7B28209D28C8652200B5C939 /* Views */ = {
			isa = PBXGroup;
			children = (
				7B28209928C7FA7100B5C939 /* MyCell.swift */,
				7B28209B28C81F0E00B5C939 /* CellLeadingView.swift */,
				7B28209E28C8655C00B5C939 /* ExtraInfoView.swift */,
				7BE47E6F28D944BF006066B5 /* CellAccessoryView.swift */,
			);
			path = Views;
			sourceTree = "<group>";
		};
		7BE47E7128DC0E21006066B5 /* Models */ = {
			isa = PBXGroup;
			children = (
				7BE47E7228DC0E41006066B5 /* Emoji.swift */,
			);
			path = Models;
			sourceTree = "<group>";
		};
		7BE47E7428DC0F2A006066B5 /* ViewControllers */ = {
			isa = PBXGroup;
			children = (
				7B28208928C751E100B5C939 /* ViewController.swift */,
				7BE47E7528DC36AA006066B5 /* EditorViewController.swift */,
			);
			path = ViewControllers;
			sourceTree = "<group>";
		};
/* End PBXGroup section */

/* Begin PBXNativeTarget section */
		7B28208128C751E100B5C939 /* CustomTableViewProject */ = {
			isa = PBXNativeTarget;
			buildConfigurationList = 7B28209628C751E300B5C939 /* Build configuration list for PBXNativeTarget "CustomTableViewProject" */;
			buildPhases = (
				7B28207E28C751E100B5C939 /* Sources */,
				7B28207F28C751E100B5C939 /* Frameworks */,
				7B28208028C751E100B5C939 /* Resources */,
			);
			buildRules = (
			);
			dependencies = (
			);
			name = CustomTableViewProject;
			productName = CustomTableViewProject;
			productReference = 7B28208228C751E100B5C939 /* CustomTableViewProject.app */;
			productType = "com.apple.product-type.application";
		};
/* End PBXNativeTarget section */

/* Begin PBXProject section */
		7B28207A28C751E100B5C939 /* Project object */ = {
			isa = PBXProject;
			attributes = {
				BuildIndependentTargetsInParallel = 1;
				LastSwiftUpdateCheck = 1340;
				LastUpgradeCheck = 1340;
				TargetAttributes = {
					7B28208128C751E100B5C939 = {
						CreatedOnToolsVersion = 13.4.1;
					};
				};
			};
			buildConfigurationList = 7B28207D28C751E100B5C939 /* Build configuration list for PBXProject "CustomTableViewProject" */;
			compatibilityVersion = "Xcode 13.0";
			developmentRegion = en;
			hasScannedForEncodings = 0;
			knownRegions = (
				en,
				Base,
			);
			mainGroup = 7B28207928C751E100B5C939;
			productRefGroup = 7B28208328C751E100B5C939 /* Products */;
			projectDirPath = "";
			projectRoot = "";
			targets = (
				7B28208128C751E100B5C939 /* CustomTableViewProject */,
			);
		};
/* End PBXProject section */

/* Begin PBXResourcesBuildPhase section */
		7B28208028C751E100B5C939 /* Resources */ = {
			isa = PBXResourcesBuildPhase;
			buildActionMask = 2147483647;
			files = (
				7B28209228C751E300B5C939 /* LaunchScreen.storyboard in Resources */,
				7B28208F28C751E300B5C939 /* Assets.xcassets in Resources */,
				7B28208D28C751E100B5C939 /* Main.storyboard in Resources */,
			);
			runOnlyForDeploymentPostprocessing = 0;
		};
/* End PBXResourcesBuildPhase section */

/* Begin PBXSourcesBuildPhase section */
		7B28207E28C751E100B5C939 /* Sources */ = {
			isa = PBXSourcesBuildPhase;
			buildActionMask = 2147483647;
			files = (
				7B28208A28C751E100B5C939 /* ViewController.swift in Sources */,
				7BE47E7628DC36AA006066B5 /* EditorViewController.swift in Sources */,
				7B28209F28C8655C00B5C939 /* ExtraInfoView.swift in Sources */,
				7BE47E7328DC0E41006066B5 /* Emoji.swift in Sources */,
				7B28209C28C81F0E00B5C939 /* CellLeadingView.swift in Sources */,
				7B28209A28C7FA7100B5C939 /* MyCell.swift in Sources */,
				7B28208628C751E100B5C939 /* AppDelegate.swift in Sources */,
				7BE47E7028D944BF006066B5 /* CellAccessoryView.swift in Sources */,
				7B28208828C751E100B5C939 /* SceneDelegate.swift in Sources */,
			);
			runOnlyForDeploymentPostprocessing = 0;
		};
/* End PBXSourcesBuildPhase section */

/* Begin PBXVariantGroup section */
		7B28208B28C751E100B5C939 /* Main.storyboard */ = {
			isa = PBXVariantGroup;
			children = (
				7B28208C28C751E100B5C939 /* Base */,
			);
			name = Main.storyboard;
			sourceTree = "<group>";
		};
		7B28209028C751E300B5C939 /* LaunchScreen.storyboard */ = {
			isa = PBXVariantGroup;
			children = (
				7B28209128C751E300B5C939 /* Base */,
			);
			name = LaunchScreen.storyboard;
			sourceTree = "<group>";
		};
/* End PBXVariantGroup section */

/* Begin XCBuildConfiguration section */
		7B28209428C751E300B5C939 /* Debug */ = {
			isa = XCBuildConfiguration;
			buildSettings = {
				ALWAYS_SEARCH_USER_PATHS = NO;
				CLANG_ANALYZER_NONNULL = YES;
				CLANG_ANALYZER_NUMBER_OBJECT_CONVERSION = YES_AGGRESSIVE;
				CLANG_CXX_LANGUAGE_STANDARD = "gnu++17";
				CLANG_ENABLE_MODULES = YES;
				CLANG_ENABLE_OBJC_ARC = YES;
				CLANG_ENABLE_OBJC_WEAK = YES;
				CLANG_WARN_BLOCK_CAPTURE_AUTORELEASING = YES;
				CLANG_WARN_BOOL_CONVERSION = YES;
				CLANG_WARN_COMMA = YES;
				CLANG_WARN_CONSTANT_CONVERSION = YES;
				CLANG_WARN_DEPRECATED_OBJC_IMPLEMENTATIONS = YES;
				CLANG_WARN_DIRECT_OBJC_ISA_USAGE = YES_ERROR;
				CLANG_WARN_DOCUMENTATION_COMMENTS = YES;
				CLANG_WARN_EMPTY_BODY = YES;
				CLANG_WARN_ENUM_CONVERSION = YES;
				CLANG_WARN_INFINITE_RECURSION = YES;
				CLANG_WARN_INT_CONVERSION = YES;
				CLANG_WARN_NON_LITERAL_NULL_CONVERSION = YES;
				CLANG_WARN_OBJC_IMPLICIT_RETAIN_SELF = YES;
				CLANG_WARN_OBJC_LITERAL_CONVERSION = YES;
				CLANG_WARN_OBJC_ROOT_CLASS = YES_ERROR;
				CLANG_WARN_QUOTED_INCLUDE_IN_FRAMEWORK_HEADER = YES;
				CLANG_WARN_RANGE_LOOP_ANALYSIS = YES;
				CLANG_WARN_STRICT_PROTOTYPES = YES;
				CLANG_WARN_SUSPICIOUS_MOVE = YES;
				CLANG_WARN_UNGUARDED_AVAILABILITY = YES_AGGRESSIVE;
				CLANG_WARN_UNREACHABLE_CODE = YES;
				CLANG_WARN__DUPLICATE_METHOD_MATCH = YES;
				COPY_PHASE_STRIP = NO;
				DEBUG_INFORMATION_FORMAT = dwarf;
				ENABLE_STRICT_OBJC_MSGSEND = YES;
				ENABLE_TESTABILITY = YES;
				GCC_C_LANGUAGE_STANDARD = gnu11;
				GCC_DYNAMIC_NO_PIC = NO;
				GCC_NO_COMMON_BLOCKS = YES;
				GCC_OPTIMIZATION_LEVEL = 0;
				GCC_PREPROCESSOR_DEFINITIONS = (
					"DEBUG=1",
					"$(inherited)",
				);
				GCC_WARN_64_TO_32_BIT_CONVERSION = YES;
				GCC_WARN_ABOUT_RETURN_TYPE = YES_ERROR;
				GCC_WARN_UNDECLARED_SELECTOR = YES;
				GCC_WARN_UNINITIALIZED_AUTOS = YES_AGGRESSIVE;
				GCC_WARN_UNUSED_FUNCTION = YES;
				GCC_WARN_UNUSED_VARIABLE = YES;
				IPHONEOS_DEPLOYMENT_TARGET = 15.5;
				MTL_ENABLE_DEBUG_INFO = INCLUDE_SOURCE;
				MTL_FAST_MATH = YES;
				ONLY_ACTIVE_ARCH = YES;
				SDKROOT = iphoneos;
				SWIFT_ACTIVE_COMPILATION_CONDITIONS = DEBUG;
				SWIFT_OPTIMIZATION_LEVEL = "-Onone";
			};
			name = Debug;
		};
		7B28209528C751E300B5C939 /* Release */ = {
			isa = XCBuildConfiguration;
			buildSettings = {
				ALWAYS_SEARCH_USER_PATHS = NO;
				CLANG_ANALYZER_NONNULL = YES;
				CLANG_ANALYZER_NUMBER_OBJECT_CONVERSION = YES_AGGRESSIVE;
				CLANG_CXX_LANGUAGE_STANDARD = "gnu++17";
				CLANG_ENABLE_MODULES = YES;
				CLANG_ENABLE_OBJC_ARC = YES;
				CLANG_ENABLE_OBJC_WEAK = YES;
				CLANG_WARN_BLOCK_CAPTURE_AUTORELEASING = YES;
				CLANG_WARN_BOOL_CONVERSION = YES;
				CLANG_WARN_COMMA = YES;
				CLANG_WARN_CONSTANT_CONVERSION = YES;
				CLANG_WARN_DEPRECATED_OBJC_IMPLEMENTATIONS = YES;
				CLANG_WARN_DIRECT_OBJC_ISA_USAGE = YES_ERROR;
				CLANG_WARN_DOCUMENTATION_COMMENTS = YES;
				CLANG_WARN_EMPTY_BODY = YES;
				CLANG_WARN_ENUM_CONVERSION = YES;
				CLANG_WARN_INFINITE_RECURSION = YES;
				CLANG_WARN_INT_CONVERSION = YES;
				CLANG_WARN_NON_LITERAL_NULL_CONVERSION = YES;
				CLANG_WARN_OBJC_IMPLICIT_RETAIN_SELF = YES;
				CLANG_WARN_OBJC_LITERAL_CONVERSION = YES;
				CLANG_WARN_OBJC_ROOT_CLASS = YES_ERROR;
				CLANG_WARN_QUOTED_INCLUDE_IN_FRAMEWORK_HEADER = YES;
				CLANG_WARN_RANGE_LOOP_ANALYSIS = YES;
				CLANG_WARN_STRICT_PROTOTYPES = YES;
				CLANG_WARN_SUSPICIOUS_MOVE = YES;
				CLANG_WARN_UNGUARDED_AVAILABILITY = YES_AGGRESSIVE;
				CLANG_WARN_UNREACHABLE_CODE = YES;
				CLANG_WARN__DUPLICATE_METHOD_MATCH = YES;
				COPY_PHASE_STRIP = NO;
				DEBUG_INFORMATION_FORMAT = "dwarf-with-dsym";
				ENABLE_NS_ASSERTIONS = NO;
				ENABLE_STRICT_OBJC_MSGSEND = YES;
				GCC_C_LANGUAGE_STANDARD = gnu11;
				GCC_NO_COMMON_BLOCKS = YES;
				GCC_WARN_64_TO_32_BIT_CONVERSION = YES;
				GCC_WARN_ABOUT_RETURN_TYPE = YES_ERROR;
				GCC_WARN_UNDECLARED_SELECTOR = YES;
				GCC_WARN_UNINITIALIZED_AUTOS = YES_AGGRESSIVE;
				GCC_WARN_UNUSED_FUNCTION = YES;
				GCC_WARN_UNUSED_VARIABLE = YES;
				IPHONEOS_DEPLOYMENT_TARGET = 15.5;
				MTL_ENABLE_DEBUG_INFO = NO;
				MTL_FAST_MATH = YES;
				SDKROOT = iphoneos;
				SWIFT_COMPILATION_MODE = wholemodule;
				SWIFT_OPTIMIZATION_LEVEL = "-O";
				VALIDATE_PRODUCT = YES;
			};
			name = Release;
		};
		7B28209728C751E300B5C939 /* Debug */ = {
			isa = XCBuildConfiguration;
			buildSettings = {
				ASSETCATALOG_COMPILER_APPICON_NAME = AppIcon;
				ASSETCATALOG_COMPILER_GLOBAL_ACCENT_COLOR_NAME = AccentColor;
				CODE_SIGN_STYLE = Automatic;
				CURRENT_PROJECT_VERSION = 1;
				DEVELOPMENT_TEAM = RZ44QB8QA5;
				GENERATE_INFOPLIST_FILE = YES;
				INFOPLIST_FILE = CustomTableViewProject/Info.plist;
				INFOPLIST_KEY_UIApplicationSupportsIndirectInputEvents = YES;
				INFOPLIST_KEY_UILaunchStoryboardName = LaunchScreen;
				INFOPLIST_KEY_UIMainStoryboardFile = Main;
				INFOPLIST_KEY_UISupportedInterfaceOrientations_iPad = "UIInterfaceOrientationPortrait UIInterfaceOrientationPortraitUpsideDown UIInterfaceOrientationLandscapeLeft UIInterfaceOrientationLandscapeRight";
				INFOPLIST_KEY_UISupportedInterfaceOrientations_iPhone = "UIInterfaceOrientationPortrait UIInterfaceOrientationLandscapeLeft UIInterfaceOrientationLandscapeRight";
				LD_RUNPATH_SEARCH_PATHS = (
					"$(inherited)",
					"@executable_path/Frameworks",
				);
				MARKETING_VERSION = 1.0;
				PRODUCT_BUNDLE_IDENTIFIER = com.insanebear.CustomTableViewProject;
				PRODUCT_NAME = "$(TARGET_NAME)";
				SWIFT_EMIT_LOC_STRINGS = YES;
				SWIFT_VERSION = 5.0;
				TARGETED_DEVICE_FAMILY = "1,2";
			};
			name = Debug;
		};
		7B28209828C751E300B5C939 /* Release */ = {
			isa = XCBuildConfiguration;
			buildSettings = {
				ASSETCATALOG_COMPILER_APPICON_NAME = AppIcon;
				ASSETCATALOG_COMPILER_GLOBAL_ACCENT_COLOR_NAME = AccentColor;
				CODE_SIGN_STYLE = Automatic;
				CURRENT_PROJECT_VERSION = 1;
				DEVELOPMENT_TEAM = RZ44QB8QA5;
				GENERATE_INFOPLIST_FILE = YES;
				INFOPLIST_FILE = CustomTableViewProject/Info.plist;
				INFOPLIST_KEY_UIApplicationSupportsIndirectInputEvents = YES;
				INFOPLIST_KEY_UILaunchStoryboardName = LaunchScreen;
				INFOPLIST_KEY_UIMainStoryboardFile = Main;
				INFOPLIST_KEY_UISupportedInterfaceOrientations_iPad = "UIInterfaceOrientationPortrait UIInterfaceOrientationPortraitUpsideDown UIInterfaceOrientationLandscapeLeft UIInterfaceOrientationLandscapeRight";
				INFOPLIST_KEY_UISupportedInterfaceOrientations_iPhone = "UIInterfaceOrientationPortrait UIInterfaceOrientationLandscapeLeft UIInterfaceOrientationLandscapeRight";
				LD_RUNPATH_SEARCH_PATHS = (
					"$(inherited)",
					"@executable_path/Frameworks",
				);
				MARKETING_VERSION = 1.0;
				PRODUCT_BUNDLE_IDENTIFIER = com.insanebear.CustomTableViewProject;
				PRODUCT_NAME = "$(TARGET_NAME)";
				SWIFT_EMIT_LOC_STRINGS = YES;
				SWIFT_VERSION = 5.0;
				TARGETED_DEVICE_FAMILY = "1,2";
			};
			name = Release;
		};
/* End XCBuildConfiguration section */

/* Begin XCConfigurationList section */
		7B28207D28C751E100B5C939 /* Build configuration list for PBXProject "CustomTableViewProject" */ = {
			isa = XCConfigurationList;
			buildConfigurations = (
				7B28209428C751E300B5C939 /* Debug */,
				7B28209528C751E300B5C939 /* Release */,
			);
			defaultConfigurationIsVisible = 0;
			defaultConfigurationName = Release;
		};
		7B28209628C751E300B5C939 /* Build configuration list for PBXNativeTarget "CustomTableViewProject" */ = {
			isa = XCConfigurationList;
			buildConfigurations = (
				7B28209728C751E300B5C939 /* Debug */,
				7B28209828C751E300B5C939 /* Release */,
			);
			defaultConfigurationIsVisible = 0;
			defaultConfigurationName = Release;
		};
/* End XCConfigurationList section */
	};
	rootObject = 7B28207A28C751E100B5C939 /* Project object */;
}
