// !$*UTF8*$!
{
	archiveVersion = 1;
	classes = {
	};
	objectVersion = 55;
	objects = {

/* Begin PBXBuildFile section */
		7B630F28287C1D390085D605 /* LoginViewController.swift in Sources */ = {isa = PBXBuildFile; fileRef = 7B630F27287C1D390085D605 /* LoginViewController.swift */; };
		7B6600DC287BE487003C14E9 /* AppDelegate.swift in Sources */ = {isa = PBXBuildFile; fileRef = 7B6600DB287BE487003C14E9 /* AppDelegate.swift */; };
		7B6600DE287BE487003C14E9 /* SceneDelegate.swift in Sources */ = {isa = PBXBuildFile; fileRef = 7B6600DD287BE487003C14E9 /* SceneDelegate.swift */; };
		7B6600E0287BE487003C14E9 /* ViewController.swift in Sources */ = {isa = PBXBuildFile; fileRef = 7B6600DF287BE487003C14E9 /* ViewController.swift */; };
		7B6600E5287BE489003C14E9 /* Assets.xcassets in Resources */ = {isa = PBXBuildFile; fileRef = 7B6600E4287BE489003C14E9 /* Assets.xcassets */; };
		7B6600E8287BE489003C14E9 /* LaunchScreen.storyboard in Resources */ = {isa = PBXBuildFile; fileRef = 7B6600E6287BE489003C14E9 /* LaunchScreen.storyboard */; };
		7B82A62C287D51950053FE8C /* AuthenticationViewModel.swift in Sources */ = {isa = PBXBuildFile; fileRef = 7B82A62B287D51950053FE8C /* AuthenticationViewModel.swift */; };
		7B82A62E287D52A80053FE8C /* GoogleSignInAuthenticator.swift in Sources */ = {isa = PBXBuildFile; fileRef = 7B82A62D287D52A80053FE8C /* GoogleSignInAuthenticator.swift */; };
		DBBCA8DBC4086F908DCA3656 /* Pods_SocialSigninProject.framework in Frameworks */ = {isa = PBXBuildFile; fileRef = AE96F233354FDE826D64EE70 /* Pods_SocialSigninProject.framework */; };
/* End PBXBuildFile section */

/* Begin PBXFileReference section */
		1CB97D0D126212173A42D2CB /* Pods-SocialSigninProject.debug.xcconfig */ = {isa = PBXFileReference; includeInIndex = 1; lastKnownFileType = text.xcconfig; name = "Pods-SocialSigninProject.debug.xcconfig"; path = "Target Support Files/Pods-SocialSigninProject/Pods-SocialSigninProject.debug.xcconfig"; sourceTree = "<group>"; };
		52BCC855DC5599D190E608B5 /* Pods-SocialSigninProject.release.xcconfig */ = {isa = PBXFileReference; includeInIndex = 1; lastKnownFileType = text.xcconfig; name = "Pods-SocialSigninProject.release.xcconfig"; path = "Target Support Files/Pods-SocialSigninProject/Pods-SocialSigninProject.release.xcconfig"; sourceTree = "<group>"; };
		7B630F27287C1D390085D605 /* LoginViewController.swift */ = {isa = PBXFileReference; lastKnownFileType = sourcecode.swift; path = LoginViewController.swift; sourceTree = "<group>"; };
		7B6600D8287BE487003C14E9 /* SocialSigninProject.app */ = {isa = PBXFileReference; explicitFileType = wrapper.application; includeInIndex = 0; path = SocialSigninProject.app; sourceTree = BUILT_PRODUCTS_DIR; };
		7B6600DB287BE487003C14E9 /* AppDelegate.swift */ = {isa = PBXFileReference; lastKnownFileType = sourcecode.swift; path = AppDelegate.swift; sourceTree = "<group>"; };
		7B6600DD287BE487003C14E9 /* SceneDelegate.swift */ = {isa = PBXFileReference; lastKnownFileType = sourcecode.swift; path = SceneDelegate.swift; sourceTree = "<group>"; };
		7B6600DF287BE487003C14E9 /* ViewController.swift */ = {isa = PBXFileReference; lastKnownFileType = sourcecode.swift; path = ViewController.swift; sourceTree = "<group>"; };
		7B6600E4287BE489003C14E9 /* Assets.xcassets */ = {isa = PBXFileReference; lastKnownFileType = folder.assetcatalog; path = Assets.xcassets; sourceTree = "<group>"; };
		7B6600E7287BE489003C14E9 /* Base */ = {isa = PBXFileReference; lastKnownFileType = file.storyboard; name = Base; path = Base.lproj/LaunchScreen.storyboard; sourceTree = "<group>"; };
		7B6600E9287BE489003C14E9 /* Info.plist */ = {isa = PBXFileReference; lastKnownFileType = text.plist.xml; path = Info.plist; sourceTree = "<group>"; };
		7B82A62B287D51950053FE8C /* AuthenticationViewModel.swift */ = {isa = PBXFileReference; lastKnownFileType = sourcecode.swift; path = AuthenticationViewModel.swift; sourceTree = "<group>"; };
		7B82A62D287D52A80053FE8C /* GoogleSignInAuthenticator.swift */ = {isa = PBXFileReference; lastKnownFileType = sourcecode.swift; path = GoogleSignInAuthenticator.swift; sourceTree = "<group>"; };
		AE96F233354FDE826D64EE70 /* Pods_SocialSigninProject.framework */ = {isa = PBXFileReference; explicitFileType = wrapper.framework; includeInIndex = 0; path = Pods_SocialSigninProject.framework; sourceTree = BUILT_PRODUCTS_DIR; };
/* End PBXFileReference section */

/* Begin PBXFrameworksBuildPhase section */
		7B6600D5287BE487003C14E9 /* Frameworks */ = {
			isa = PBXFrameworksBuildPhase;
			buildActionMask = 2147483647;
			files = (
				DBBCA8DBC4086F908DCA3656 /* Pods_SocialSigninProject.framework in Frameworks */,
			);
			runOnlyForDeploymentPostprocessing = 0;
		};
/* End PBXFrameworksBuildPhase section */

/* Begin PBXGroup section */
		48D1F357A9FDDC098E807C9F /* Frameworks */ = {
			isa = PBXGroup;
			children = (
				AE96F233354FDE826D64EE70 /* Pods_SocialSigninProject.framework */,
			);
			name = Frameworks;
			sourceTree = "<group>";
		};
		7B6600CF287BE487003C14E9 = {
			isa = PBXGroup;
			children = (
				7B6600DA287BE487003C14E9 /* SocialSigninProject */,
				7B6600D9287BE487003C14E9 /* Products */,
				C6879DF00A8AEFA0431C2E4A /* Pods */,
				48D1F357A9FDDC098E807C9F /* Frameworks */,
			);
			sourceTree = "<group>";
		};
		7B6600D9287BE487003C14E9 /* Products */ = {
			isa = PBXGroup;
			children = (
				7B6600D8287BE487003C14E9 /* SocialSigninProject.app */,
			);
			name = Products;
			sourceTree = "<group>";
		};
		7B6600DA287BE487003C14E9 /* SocialSigninProject */ = {
			isa = PBXGroup;
			children = (
				7B6600DB287BE487003C14E9 /* AppDelegate.swift */,
				7B6600DD287BE487003C14E9 /* SceneDelegate.swift */,
				7B6600DF287BE487003C14E9 /* ViewController.swift */,
				7B630F27287C1D390085D605 /* LoginViewController.swift */,
				7B82A62B287D51950053FE8C /* AuthenticationViewModel.swift */,
				7B82A62D287D52A80053FE8C /* GoogleSignInAuthenticator.swift */,
				7B6600E9287BE489003C14E9 /* Info.plist */,
				7B6600E6287BE489003C14E9 /* LaunchScreen.storyboard */,
				7B6600E4287BE489003C14E9 /* Assets.xcassets */,
			);
			path = SocialSigninProject;
			sourceTree = "<group>";
		};
		C6879DF00A8AEFA0431C2E4A /* Pods */ = {
			isa = PBXGroup;
			children = (
				1CB97D0D126212173A42D2CB /* Pods-SocialSigninProject.debug.xcconfig */,
				52BCC855DC5599D190E608B5 /* Pods-SocialSigninProject.release.xcconfig */,
			);
			path = Pods;
			sourceTree = "<group>";
		};
/* End PBXGroup section */

/* Begin PBXNativeTarget section */
		7B6600D7287BE487003C14E9 /* SocialSigninProject */ = {
			isa = PBXNativeTarget;
			buildConfigurationList = 7B6600EC287BE489003C14E9 /* Build configuration list for PBXNativeTarget "SocialSigninProject" */;
			buildPhases = (
				FFD3CFB0B5DDCDAE9AC0F098 /* [CP] Check Pods Manifest.lock */,
				7B6600D4287BE487003C14E9 /* Sources */,
				7B6600D5287BE487003C14E9 /* Frameworks */,
				7B6600D6287BE487003C14E9 /* Resources */,
				EB4E4AB7541A9C6F53DBBD6B /* [CP] Embed Pods Frameworks */,
			);
			buildRules = (
			);
			dependencies = (
			);
			name = SocialSigninProject;
			productName = SocialSigninProject;
			productReference = 7B6600D8287BE487003C14E9 /* SocialSigninProject.app */;
			productType = "com.apple.product-type.application";
		};
/* End PBXNativeTarget section */

/* Begin PBXProject section */
		7B6600D0287BE487003C14E9 /* Project object */ = {
			isa = PBXProject;
			attributes = {
				BuildIndependentTargetsInParallel = 1;
				LastSwiftUpdateCheck = 1340;
				LastUpgradeCheck = 1340;
				TargetAttributes = {
					7B6600D7287BE487003C14E9 = {
						CreatedOnToolsVersion = 13.4.1;
					};
				};
			};
			buildConfigurationList = 7B6600D3287BE487003C14E9 /* Build configuration list for PBXProject "SocialSigninProject" */;
			compatibilityVersion = "Xcode 13.0";
			developmentRegion = en;
			hasScannedForEncodings = 0;
			knownRegions = (
				en,
				Base,
			);
			mainGroup = 7B6600CF287BE487003C14E9;
			productRefGroup = 7B6600D9287BE487003C14E9 /* Products */;
			projectDirPath = "";
			projectRoot = "";
			targets = (
				7B6600D7287BE487003C14E9 /* SocialSigninProject */,
			);
		};
/* End PBXProject section */

/* Begin PBXResourcesBuildPhase section */
		7B6600D6287BE487003C14E9 /* Resources */ = {
			isa = PBXResourcesBuildPhase;
			buildActionMask = 2147483647;
			files = (
				7B6600E8287BE489003C14E9 /* LaunchScreen.storyboard in Resources */,
				7B6600E5287BE489003C14E9 /* Assets.xcassets in Resources */,
			);
			runOnlyForDeploymentPostprocessing = 0;
		};
/* End PBXResourcesBuildPhase section */

/* Begin PBXShellScriptBuildPhase section */
		EB4E4AB7541A9C6F53DBBD6B /* [CP] Embed Pods Frameworks */ = {
			isa = PBXShellScriptBuildPhase;
			buildActionMask = 2147483647;
			files = (
			);
			inputFileListPaths = (
				"${PODS_ROOT}/Target Support Files/Pods-SocialSigninProject/Pods-SocialSigninProject-frameworks-${CONFIGURATION}-input-files.xcfilelist",
			);
			name = "[CP] Embed Pods Frameworks";
			outputFileListPaths = (
				"${PODS_ROOT}/Target Support Files/Pods-SocialSigninProject/Pods-SocialSigninProject-frameworks-${CONFIGURATION}-output-files.xcfilelist",
			);
			runOnlyForDeploymentPostprocessing = 0;
			shellPath = /bin/sh;
			shellScript = "\"${PODS_ROOT}/Target Support Files/Pods-SocialSigninProject/Pods-SocialSigninProject-frameworks.sh\"\n";
			showEnvVarsInLog = 0;
		};
		FFD3CFB0B5DDCDAE9AC0F098 /* [CP] Check Pods Manifest.lock */ = {
			isa = PBXShellScriptBuildPhase;
			buildActionMask = 2147483647;
			files = (
			);
			inputFileListPaths = (
			);
			inputPaths = (
				"${PODS_PODFILE_DIR_PATH}/Podfile.lock",
				"${PODS_ROOT}/Manifest.lock",
			);
			name = "[CP] Check Pods Manifest.lock";
			outputFileListPaths = (
			);
			outputPaths = (
				"$(DERIVED_FILE_DIR)/Pods-SocialSigninProject-checkManifestLockResult.txt",
			);
			runOnlyForDeploymentPostprocessing = 0;
			shellPath = /bin/sh;
			shellScript = "diff \"${PODS_PODFILE_DIR_PATH}/Podfile.lock\" \"${PODS_ROOT}/Manifest.lock\" > /dev/null\nif [ $? != 0 ] ; then\n    # print error to STDERR\n    echo \"error: The sandbox is not in sync with the Podfile.lock. Run 'pod install' or update your CocoaPods installation.\" >&2\n    exit 1\nfi\n# This output is used by Xcode 'outputs' to avoid re-running this script phase.\necho \"SUCCESS\" > \"${SCRIPT_OUTPUT_FILE_0}\"\n";
			showEnvVarsInLog = 0;
		};
/* End PBXShellScriptBuildPhase section */

/* Begin PBXSourcesBuildPhase section */
		7B6600D4287BE487003C14E9 /* Sources */ = {
			isa = PBXSourcesBuildPhase;
			buildActionMask = 2147483647;
			files = (
				7B630F28287C1D390085D605 /* LoginViewController.swift in Sources */,
				7B82A62C287D51950053FE8C /* AuthenticationViewModel.swift in Sources */,
				7B6600E0287BE487003C14E9 /* ViewController.swift in Sources */,
				7B6600DC287BE487003C14E9 /* AppDelegate.swift in Sources */,
				7B82A62E287D52A80053FE8C /* GoogleSignInAuthenticator.swift in Sources */,
				7B6600DE287BE487003C14E9 /* SceneDelegate.swift in Sources */,
			);
			runOnlyForDeploymentPostprocessing = 0;
		};
/* End PBXSourcesBuildPhase section */

/* Begin PBXVariantGroup section */
		7B6600E6287BE489003C14E9 /* LaunchScreen.storyboard */ = {
			isa = PBXVariantGroup;
			children = (
				7B6600E7287BE489003C14E9 /* Base */,
			);
			name = LaunchScreen.storyboard;
			sourceTree = "<group>";
		};
/* End PBXVariantGroup section */

/* Begin XCBuildConfiguration section */
		7B6600EA287BE489003C14E9 /* Debug */ = {
			isa = XCBuildConfiguration;
			buildSettings = {
				ALWAYS_SEARCH_USER_PATHS = NO;
				CLANG_ANALYZER_NONNULL = YES;
				CLANG_ANALYZER_NUMBER_OBJECT_CONVERSION = YES_AGGRESSIVE;
				CLANG_CXX_LANGUAGE_STANDARD = "gnu++17";
				CLANG_ENABLE_MODULES = YES;
				CLANG_ENABLE_OBJC_ARC = YES;
				CLANG_ENABLE_OBJC_WEAK = YES;
				CLANG_WARN_BLOCK_CAPTURE_AUTORELEASING = YES;
				CLANG_WARN_BOOL_CONVERSION = YES;
				CLANG_WARN_COMMA = YES;
				CLANG_WARN_CONSTANT_CONVERSION = YES;
				CLANG_WARN_DEPRECATED_OBJC_IMPLEMENTATIONS = YES;
				CLANG_WARN_DIRECT_OBJC_ISA_USAGE = YES_ERROR;
				CLANG_WARN_DOCUMENTATION_COMMENTS = YES;
				CLANG_WARN_EMPTY_BODY = YES;
				CLANG_WARN_ENUM_CONVERSION = YES;
				CLANG_WARN_INFINITE_RECURSION = YES;
				CLANG_WARN_INT_CONVERSION = YES;
				CLANG_WARN_NON_LITERAL_NULL_CONVERSION = YES;
				CLANG_WARN_OBJC_IMPLICIT_RETAIN_SELF = YES;
				CLANG_WARN_OBJC_LITERAL_CONVERSION = YES;
				CLANG_WARN_OBJC_ROOT_CLASS = YES_ERROR;
				CLANG_WARN_QUOTED_INCLUDE_IN_FRAMEWORK_HEADER = YES;
				CLANG_WARN_RANGE_LOOP_ANALYSIS = YES;
				CLANG_WARN_STRICT_PROTOTYPES = YES;
				CLANG_WARN_SUSPICIOUS_MOVE = YES;
				CLANG_WARN_UNGUARDED_AVAILABILITY = YES_AGGRESSIVE;
				CLANG_WARN_UNREACHABLE_CODE = YES;
				CLANG_WARN__DUPLICATE_METHOD_MATCH = YES;
				COPY_PHASE_STRIP = NO;
				DEBUG_INFORMATION_FORMAT = dwarf;
				ENABLE_STRICT_OBJC_MSGSEND = YES;
				ENABLE_TESTABILITY = YES;
				GCC_C_LANGUAGE_STANDARD = gnu11;
				GCC_DYNAMIC_NO_PIC = NO;
				GCC_NO_COMMON_BLOCKS = YES;
				GCC_OPTIMIZATION_LEVEL = 0;
				GCC_PREPROCESSOR_DEFINITIONS = (
					"DEBUG=1",
					"$(inherited)",
				);
				GCC_WARN_64_TO_32_BIT_CONVERSION = YES;
				GCC_WARN_ABOUT_RETURN_TYPE = YES_ERROR;
				GCC_WARN_UNDECLARED_SELECTOR = YES;
				GCC_WARN_UNINITIALIZED_AUTOS = YES_AGGRESSIVE;
				GCC_WARN_UNUSED_FUNCTION = YES;
				GCC_WARN_UNUSED_VARIABLE = YES;
				IPHONEOS_DEPLOYMENT_TARGET = 14.0;
				MTL_ENABLE_DEBUG_INFO = INCLUDE_SOURCE;
				MTL_FAST_MATH = YES;
				ONLY_ACTIVE_ARCH = YES;
				SDKROOT = iphoneos;
				SWIFT_ACTIVE_COMPILATION_CONDITIONS = DEBUG;
				SWIFT_OPTIMIZATION_LEVEL = "-Onone";
			};
			name = Debug;
		};
		7B6600EB287BE489003C14E9 /* Release */ = {
			isa = XCBuildConfiguration;
			buildSettings = {
				ALWAYS_SEARCH_USER_PATHS = NO;
				CLANG_ANALYZER_NONNULL = YES;
				CLANG_ANALYZER_NUMBER_OBJECT_CONVERSION = YES_AGGRESSIVE;
				CLANG_CXX_LANGUAGE_STANDARD = "gnu++17";
				CLANG_ENABLE_MODULES = YES;
				CLANG_ENABLE_OBJC_ARC = YES;
				CLANG_ENABLE_OBJC_WEAK = YES;
				CLANG_WARN_BLOCK_CAPTURE_AUTORELEASING = YES;
				CLANG_WARN_BOOL_CONVERSION = YES;
				CLANG_WARN_COMMA = YES;
				CLANG_WARN_CONSTANT_CONVERSION = YES;
				CLANG_WARN_DEPRECATED_OBJC_IMPLEMENTATIONS = YES;
				CLANG_WARN_DIRECT_OBJC_ISA_USAGE = YES_ERROR;
				CLANG_WARN_DOCUMENTATION_COMMENTS = YES;
				CLANG_WARN_EMPTY_BODY = YES;
				CLANG_WARN_ENUM_CONVERSION = YES;
				CLANG_WARN_INFINITE_RECURSION = YES;
				CLANG_WARN_INT_CONVERSION = YES;
				CLANG_WARN_NON_LITERAL_NULL_CONVERSION = YES;
				CLANG_WARN_OBJC_IMPLICIT_RETAIN_SELF = YES;
				CLANG_WARN_OBJC_LITERAL_CONVERSION = YES;
				CLANG_WARN_OBJC_ROOT_CLASS = YES_ERROR;
				CLANG_WARN_QUOTED_INCLUDE_IN_FRAMEWORK_HEADER = YES;
				CLANG_WARN_RANGE_LOOP_ANALYSIS = YES;
				CLANG_WARN_STRICT_PROTOTYPES = YES;
				CLANG_WARN_SUSPICIOUS_MOVE = YES;
				CLANG_WARN_UNGUARDED_AVAILABILITY = YES_AGGRESSIVE;
				CLANG_WARN_UNREACHABLE_CODE = YES;
				CLANG_WARN__DUPLICATE_METHOD_MATCH = YES;
				COPY_PHASE_STRIP = NO;
				DEBUG_INFORMATION_FORMAT = "dwarf-with-dsym";
				ENABLE_NS_ASSERTIONS = NO;
				ENABLE_STRICT_OBJC_MSGSEND = YES;
				GCC_C_LANGUAGE_STANDARD = gnu11;
				GCC_NO_COMMON_BLOCKS = YES;
				GCC_WARN_64_TO_32_BIT_CONVERSION = YES;
				GCC_WARN_ABOUT_RETURN_TYPE = YES_ERROR;
				GCC_WARN_UNDECLARED_SELECTOR = YES;
				GCC_WARN_UNINITIALIZED_AUTOS = YES_AGGRESSIVE;
				GCC_WARN_UNUSED_FUNCTION = YES;
				GCC_WARN_UNUSED_VARIABLE = YES;
				IPHONEOS_DEPLOYMENT_TARGET = 14.0;
				MTL_ENABLE_DEBUG_INFO = NO;
				MTL_FAST_MATH = YES;
				SDKROOT = iphoneos;
				SWIFT_COMPILATION_MODE = wholemodule;
				SWIFT_OPTIMIZATION_LEVEL = "-O";
				VALIDATE_PRODUCT = YES;
			};
			name = Release;
		};
		7B6600ED287BE489003C14E9 /* Debug */ = {
			isa = XCBuildConfiguration;
			baseConfigurationReference = 1CB97D0D126212173A42D2CB /* Pods-SocialSigninProject.debug.xcconfig */;
			buildSettings = {
				ASSETCATALOG_COMPILER_APPICON_NAME = AppIcon;
				ASSETCATALOG_COMPILER_GLOBAL_ACCENT_COLOR_NAME = AccentColor;
				CODE_SIGN_STYLE = Automatic;
				CURRENT_PROJECT_VERSION = 1;
				DEVELOPMENT_TEAM = RZ44QB8QA5;
				GENERATE_INFOPLIST_FILE = YES;
				INFOPLIST_FILE = SocialSigninProject/Info.plist;
				INFOPLIST_KEY_LSApplicationCategoryType = "";
				INFOPLIST_KEY_UIApplicationSupportsIndirectInputEvents = YES;
				INFOPLIST_KEY_UILaunchStoryboardName = LaunchScreen;
				INFOPLIST_KEY_UISupportedInterfaceOrientations_iPad = "UIInterfaceOrientationPortrait UIInterfaceOrientationPortraitUpsideDown UIInterfaceOrientationLandscapeLeft UIInterfaceOrientationLandscapeRight";
				INFOPLIST_KEY_UISupportedInterfaceOrientations_iPhone = "UIInterfaceOrientationPortrait UIInterfaceOrientationLandscapeLeft UIInterfaceOrientationLandscapeRight";
				IPHONEOS_DEPLOYMENT_TARGET = 14.0;
				LD_RUNPATH_SEARCH_PATHS = (
					"$(inherited)",
					"@executable_path/Frameworks",
				);
				MARKETING_VERSION = 1.0;
				PRODUCT_BUNDLE_IDENTIFIER = com.insanebear.SocialSigninProject;
				PRODUCT_NAME = "$(TARGET_NAME)";
				SWIFT_EMIT_LOC_STRINGS = YES;
				SWIFT_VERSION = 5.0;
				TARGETED_DEVICE_FAMILY = "1,2";
			};
			name = Debug;
		};
		7B6600EE287BE489003C14E9 /* Release */ = {
			isa = XCBuildConfiguration;
			baseConfigurationReference = 52BCC855DC5599D190E608B5 /* Pods-SocialSigninProject.release.xcconfig */;
			buildSettings = {
				ASSETCATALOG_COMPILER_APPICON_NAME = AppIcon;
				ASSETCATALOG_COMPILER_GLOBAL_ACCENT_COLOR_NAME = AccentColor;
				CODE_SIGN_STYLE = Automatic;
				CURRENT_PROJECT_VERSION = 1;
				DEVELOPMENT_TEAM = RZ44QB8QA5;
				GENERATE_INFOPLIST_FILE = YES;
				INFOPLIST_FILE = SocialSigninProject/Info.plist;
				INFOPLIST_KEY_LSApplicationCategoryType = "";
				INFOPLIST_KEY_UIApplicationSupportsIndirectInputEvents = YES;
				INFOPLIST_KEY_UILaunchStoryboardName = LaunchScreen;
				INFOPLIST_KEY_UISupportedInterfaceOrientations_iPad = "UIInterfaceOrientationPortrait UIInterfaceOrientationPortraitUpsideDown UIInterfaceOrientationLandscapeLeft UIInterfaceOrientationLandscapeRight";
				INFOPLIST_KEY_UISupportedInterfaceOrientations_iPhone = "UIInterfaceOrientationPortrait UIInterfaceOrientationLandscapeLeft UIInterfaceOrientationLandscapeRight";
				IPHONEOS_DEPLOYMENT_TARGET = 14.0;
				LD_RUNPATH_SEARCH_PATHS = (
					"$(inherited)",
					"@executable_path/Frameworks",
				);
				MARKETING_VERSION = 1.0;
				PRODUCT_BUNDLE_IDENTIFIER = com.insanebear.SocialSigninProject;
				PRODUCT_NAME = "$(TARGET_NAME)";
				SWIFT_EMIT_LOC_STRINGS = YES;
				SWIFT_VERSION = 5.0;
				TARGETED_DEVICE_FAMILY = "1,2";
			};
			name = Release;
		};
/* End XCBuildConfiguration section */

/* Begin XCConfigurationList section */
		7B6600D3287BE487003C14E9 /* Build configuration list for PBXProject "SocialSigninProject" */ = {
			isa = XCConfigurationList;
			buildConfigurations = (
				7B6600EA287BE489003C14E9 /* Debug */,
				7B6600EB287BE489003C14E9 /* Release */,
			);
			defaultConfigurationIsVisible = 0;
			defaultConfigurationName = Release;
		};
		7B6600EC287BE489003C14E9 /* Build configuration list for PBXNativeTarget "SocialSigninProject" */ = {
			isa = XCConfigurationList;
			buildConfigurations = (
				7B6600ED287BE489003C14E9 /* Debug */,
				7B6600EE287BE489003C14E9 /* Release */,
			);
			defaultConfigurationIsVisible = 0;
			defaultConfigurationName = Release;
		};
/* End XCConfigurationList section */
	};
	rootObject = 7B6600D0287BE487003C14E9 /* Project object */;
}
